{
  "name": "api-lambda-crud-dynamodb",
  "version": "1.0.0",
  "lockfileVersion": 1,
  "requires": true,
  "dependencies": {
    "@aws-cdk/assets": {
      "version": "1.30.0",
      "resolved": "https://registry.npmjs.org/@aws-cdk/assets/-/assets-1.30.0.tgz",
      "integrity": "sha512-dyxY411nYrIXJA+uNxJ55DVf4sr4jlU7gBG2hiNw5y6/gzIsZXZfJzN0sWHraVoGpav4vGZSqM79u51fDfDf+g==",
      "requires": {
        "@aws-cdk/core": "1.30.0",
        "@aws-cdk/cx-api": "1.30.0",
        "constructs": "^1.1.2",
        "minimatch": "^3.0.4"
      },
      "dependencies": {
        "balanced-match": {
          "version": "1.0.0",
          "bundled": true
        },
        "brace-expansion": {
          "version": "1.1.11",
          "bundled": true,
          "requires": {
            "balanced-match": "^1.0.0",
            "concat-map": "0.0.1"
          }
        },
        "concat-map": {
          "version": "0.0.1",
          "bundled": true
        },
        "minimatch": {
          "version": "3.0.4",
          "bundled": true,
          "requires": {
            "brace-expansion": "^1.1.7"
          }
        }
      }
    },
    "@aws-cdk/aws-apigateway": {
      "version": "1.30.0",
      "resolved": "https://registry.npmjs.org/@aws-cdk/aws-apigateway/-/aws-apigateway-1.30.0.tgz",
      "integrity": "sha512-bbPnGhyT/TFMgcZkquh0fVC4Em+X8a8GslPaUVm/+WDgS24XwOvV+OFE2ia2XfpZLdTtvE0nR2m0XJNCS5aE6Q==",
      "requires": {
        "@aws-cdk/aws-certificatemanager": "1.30.0",
        "@aws-cdk/aws-ec2": "1.30.0",
        "@aws-cdk/aws-elasticloadbalancingv2": "1.30.0",
        "@aws-cdk/aws-iam": "1.30.0",
        "@aws-cdk/aws-lambda": "1.30.0",
        "@aws-cdk/core": "1.30.0",
        "constructs": "^1.1.2"
      }
    },
    "@aws-cdk/aws-applicationautoscaling": {
      "version": "1.30.0",
      "resolved": "https://registry.npmjs.org/@aws-cdk/aws-applicationautoscaling/-/aws-applicationautoscaling-1.30.0.tgz",
      "integrity": "sha512-v84crF20mNEe04W5VrZPJ97D4OsKJiIJHxnLhhUEaEb7ygzuuKcYEfs86XoopqliSwogXZ9DGhZtEN4nOccVVg==",
      "requires": {
        "@aws-cdk/aws-autoscaling-common": "1.30.0",
        "@aws-cdk/aws-cloudwatch": "1.30.0",
        "@aws-cdk/aws-iam": "1.30.0",
        "@aws-cdk/core": "1.30.0",
        "constructs": "^1.1.2"
      }
    },
    "@aws-cdk/aws-autoscaling": {
      "version": "1.30.0",
      "resolved": "https://registry.npmjs.org/@aws-cdk/aws-autoscaling/-/aws-autoscaling-1.30.0.tgz",
      "integrity": "sha512-BWI9gQZcgAtvznV+egTqztsOJoApGywxa5cisQh7AEDwsFNQ00ZiArjbPlmYQoIowFRwUJQ20GruAS8Ka4cBoQ==",
      "requires": {
        "@aws-cdk/aws-autoscaling-common": "1.30.0",
        "@aws-cdk/aws-cloudwatch": "1.30.0",
        "@aws-cdk/aws-ec2": "1.30.0",
        "@aws-cdk/aws-elasticloadbalancing": "1.30.0",
        "@aws-cdk/aws-elasticloadbalancingv2": "1.30.0",
        "@aws-cdk/aws-iam": "1.30.0",
        "@aws-cdk/aws-sns": "1.30.0",
        "@aws-cdk/core": "1.30.0",
        "constructs": "^1.1.2"
      }
    },
    "@aws-cdk/aws-autoscaling-common": {
      "version": "1.30.0",
      "resolved": "https://registry.npmjs.org/@aws-cdk/aws-autoscaling-common/-/aws-autoscaling-common-1.30.0.tgz",
      "integrity": "sha512-iVpM0We4aev1iEo/AkFNVKB56tWiXqHQu5PZZApJUlSW+Tjc8qqcnmG0Kj2HgWhWchmmrP1YkuBRHGp49nGvMg==",
      "requires": {
        "@aws-cdk/aws-iam": "1.30.0",
        "@aws-cdk/core": "1.30.0",
        "constructs": "^1.1.2"
      }
    },
    "@aws-cdk/aws-autoscaling-hooktargets": {
      "version": "1.30.0",
      "resolved": "https://registry.npmjs.org/@aws-cdk/aws-autoscaling-hooktargets/-/aws-autoscaling-hooktargets-1.30.0.tgz",
      "integrity": "sha512-nQFWe9y68PXX8TOyRMn8sEd9k2pGNBan4sT61chD49w4h5l8vc7YsXL2eZdsCzTBvozAx4k9NaYBceDIuKEFeg==",
      "requires": {
        "@aws-cdk/aws-autoscaling": "1.30.0",
        "@aws-cdk/aws-iam": "1.30.0",
        "@aws-cdk/aws-lambda": "1.30.0",
        "@aws-cdk/aws-sns": "1.30.0",
        "@aws-cdk/aws-sns-subscriptions": "1.30.0",
        "@aws-cdk/aws-sqs": "1.30.0",
        "@aws-cdk/core": "1.30.0",
        "constructs": "^1.1.2"
      }
    },
    "@aws-cdk/aws-batch": {
      "version": "1.30.0",
      "resolved": "https://registry.npmjs.org/@aws-cdk/aws-batch/-/aws-batch-1.30.0.tgz",
      "integrity": "sha512-yxgRHSA80x5bYjFsmLVEhhsrDC1ER2Y40ZrHUmC/4uHp5SMH7YfiPoKlm1rI//bjjckHTYfdLLbD+eCpej9wAw==",
      "requires": {
        "@aws-cdk/aws-ec2": "1.30.0",
        "@aws-cdk/aws-ecr": "1.30.0",
        "@aws-cdk/aws-ecs": "1.30.0",
        "@aws-cdk/aws-iam": "1.30.0",
        "@aws-cdk/core": "1.30.0",
        "constructs": "^1.1.2"
      }
    },
    "@aws-cdk/aws-certificatemanager": {
      "version": "1.30.0",
      "resolved": "https://registry.npmjs.org/@aws-cdk/aws-certificatemanager/-/aws-certificatemanager-1.30.0.tgz",
      "integrity": "sha512-sRCc4LJjUnVQIVNac8g0QQsD0lhe6pNl1DxOOgjhs7om70PgAAebX2pAp3Dp6N9XXOZi7a3dX7Hd/Ju98WjN8w==",
      "requires": {
        "@aws-cdk/aws-cloudformation": "1.30.0",
        "@aws-cdk/aws-iam": "1.30.0",
        "@aws-cdk/aws-lambda": "1.30.0",
        "@aws-cdk/aws-route53": "1.30.0",
        "@aws-cdk/core": "1.30.0",
        "constructs": "^1.1.2"
      }
    },
    "@aws-cdk/aws-cloudformation": {
      "version": "1.30.0",
      "resolved": "https://registry.npmjs.org/@aws-cdk/aws-cloudformation/-/aws-cloudformation-1.30.0.tgz",
      "integrity": "sha512-BBn9AyC+UDcR1yv4rBooV691Ag+Zt2PKrEEJU3Sutpy86fjiv9J5NjNIK0QjoHR5bXlhnoHaGal5jAKqdHEH8Q==",
      "requires": {
        "@aws-cdk/aws-iam": "1.30.0",
        "@aws-cdk/aws-lambda": "1.30.0",
        "@aws-cdk/aws-s3": "1.30.0",
        "@aws-cdk/aws-sns": "1.30.0",
        "@aws-cdk/core": "1.30.0",
        "@aws-cdk/cx-api": "1.30.0",
        "constructs": "^1.1.2"
      }
    },
    "@aws-cdk/aws-cloudfront": {
      "version": "1.30.0",
      "resolved": "https://registry.npmjs.org/@aws-cdk/aws-cloudfront/-/aws-cloudfront-1.30.0.tgz",
      "integrity": "sha512-6ZFIWd3ekCrk6CO5JhhZxMKJOqMIx28AUiTN0TNudXgIrX8t6N7+cBIKVYBbmnmsfdzoJQjkjlqv+zNTWAc1WQ==",
      "requires": {
        "@aws-cdk/aws-certificatemanager": "1.30.0",
        "@aws-cdk/aws-iam": "1.30.0",
        "@aws-cdk/aws-kms": "1.30.0",
        "@aws-cdk/aws-lambda": "1.30.0",
        "@aws-cdk/aws-s3": "1.30.0",
        "@aws-cdk/core": "1.30.0",
        "constructs": "^1.1.2"
      }
    },
    "@aws-cdk/aws-cloudwatch": {
      "version": "1.30.0",
      "resolved": "https://registry.npmjs.org/@aws-cdk/aws-cloudwatch/-/aws-cloudwatch-1.30.0.tgz",
      "integrity": "sha512-Bs5L4EmL7V3Y/y6dktJQrKY8z+fcFqfVyvPfxZLt9qXkAzvEFl2tnuFgUHTkM9fKKzqzkX3CqvXoJEFQL8Yvtg==",
      "requires": {
        "@aws-cdk/aws-iam": "1.30.0",
        "@aws-cdk/core": "1.30.0",
        "constructs": "^1.1.2"
      }
    },
    "@aws-cdk/aws-dynamodb": {
      "version": "1.30.0",
      "resolved": "https://registry.npmjs.org/@aws-cdk/aws-dynamodb/-/aws-dynamodb-1.30.0.tgz",
      "integrity": "sha512-yFojXZaJV8iepxrIzEHQe+xpBIfYu+UhYzAgZsyTKNd3qmK4iGqjfX1f8OkqmL/LSydkEOLId9BiZ6+zHKhjMA==",
      "requires": {
        "@aws-cdk/aws-applicationautoscaling": "1.30.0",
        "@aws-cdk/aws-cloudformation": "1.30.0",
        "@aws-cdk/aws-cloudwatch": "1.30.0",
        "@aws-cdk/aws-iam": "1.30.0",
        "@aws-cdk/aws-lambda": "1.30.0",
        "@aws-cdk/core": "1.30.0",
        "@aws-cdk/custom-resources": "1.30.0",
        "constructs": "^1.1.2"
      }
    },
    "@aws-cdk/aws-ec2": {
      "version": "1.30.0",
      "resolved": "https://registry.npmjs.org/@aws-cdk/aws-ec2/-/aws-ec2-1.30.0.tgz",
      "integrity": "sha512-JZ/UaxlYZufgXD48zrkGIaawTxyDL0yvHEa12NTHNnSO6fJr5k617j99EtjulWBsKW6ydQxR6gDyJEtyVAhCZQ==",
      "requires": {
        "@aws-cdk/aws-cloudwatch": "1.30.0",
        "@aws-cdk/aws-iam": "1.30.0",
        "@aws-cdk/aws-logs": "1.30.0",
        "@aws-cdk/aws-s3": "1.30.0",
        "@aws-cdk/aws-ssm": "1.30.0",
        "@aws-cdk/core": "1.30.0",
        "@aws-cdk/cx-api": "1.30.0",
        "constructs": "^1.1.2"
      }
    },
    "@aws-cdk/aws-ecr": {
      "version": "1.30.0",
      "resolved": "https://registry.npmjs.org/@aws-cdk/aws-ecr/-/aws-ecr-1.30.0.tgz",
      "integrity": "sha512-Djr0K/2rNvY9pQCBqLEte+2XdFyc/KygOQpMqfiltet7Ve6uiYvBDIaVjInddjy654OiMum1bK7bxptqY1htag==",
      "requires": {
        "@aws-cdk/aws-events": "1.30.0",
        "@aws-cdk/aws-iam": "1.30.0",
        "@aws-cdk/core": "1.30.0",
        "constructs": "^1.1.2"
      }
    },
    "@aws-cdk/aws-ecr-assets": {
      "version": "1.30.0",
      "resolved": "https://registry.npmjs.org/@aws-cdk/aws-ecr-assets/-/aws-ecr-assets-1.30.0.tgz",
      "integrity": "sha512-VNzTMRBZCZ8pWOLkv+QSotUsmynICKzoioPDmIe3CS2dvzj5i50lekgsM95CHOaJj5+FfskqjPP9v0NK/qd04g==",
      "requires": {
        "@aws-cdk/assets": "1.30.0",
        "@aws-cdk/aws-cloudformation": "1.30.0",
        "@aws-cdk/aws-ecr": "1.30.0",
        "@aws-cdk/aws-iam": "1.30.0",
        "@aws-cdk/aws-lambda": "1.30.0",
        "@aws-cdk/aws-s3": "1.30.0",
        "@aws-cdk/core": "1.30.0",
        "@aws-cdk/cx-api": "1.30.0",
        "constructs": "^1.1.2",
        "minimatch": "^3.0.4"
      },
      "dependencies": {
        "balanced-match": {
          "version": "1.0.0",
          "bundled": true
        },
        "brace-expansion": {
          "version": "1.1.11",
          "bundled": true,
          "requires": {
            "balanced-match": "^1.0.0",
            "concat-map": "0.0.1"
          }
        },
        "concat-map": {
          "version": "0.0.1",
          "bundled": true
        },
        "minimatch": {
          "version": "3.0.4",
          "bundled": true,
          "requires": {
            "brace-expansion": "^1.1.7"
          }
        }
      }
    },
    "@aws-cdk/aws-ecs": {
      "version": "1.30.0",
      "resolved": "https://registry.npmjs.org/@aws-cdk/aws-ecs/-/aws-ecs-1.30.0.tgz",
      "integrity": "sha512-m4XUnEQdPyeN/kLiEYFSgeDVp0wxKB/RpJjgC5jTMspbp/6BPL5KSQTQpMhcKDrE2jAlGC+a6DR8jtuBzqarKg==",
      "requires": {
        "@aws-cdk/aws-applicationautoscaling": "1.30.0",
        "@aws-cdk/aws-autoscaling": "1.30.0",
        "@aws-cdk/aws-autoscaling-hooktargets": "1.30.0",
        "@aws-cdk/aws-certificatemanager": "1.30.0",
        "@aws-cdk/aws-cloudformation": "1.30.0",
        "@aws-cdk/aws-cloudwatch": "1.30.0",
        "@aws-cdk/aws-ec2": "1.30.0",
        "@aws-cdk/aws-ecr": "1.30.0",
        "@aws-cdk/aws-ecr-assets": "1.30.0",
        "@aws-cdk/aws-elasticloadbalancing": "1.30.0",
        "@aws-cdk/aws-elasticloadbalancingv2": "1.30.0",
        "@aws-cdk/aws-iam": "1.30.0",
        "@aws-cdk/aws-lambda": "1.30.0",
        "@aws-cdk/aws-logs": "1.30.0",
        "@aws-cdk/aws-route53": "1.30.0",
        "@aws-cdk/aws-route53-targets": "1.30.0",
        "@aws-cdk/aws-secretsmanager": "1.30.0",
        "@aws-cdk/aws-servicediscovery": "1.30.0",
        "@aws-cdk/aws-sns": "1.30.0",
        "@aws-cdk/aws-sqs": "1.30.0",
        "@aws-cdk/aws-ssm": "1.30.0",
        "@aws-cdk/core": "1.30.0",
        "@aws-cdk/cx-api": "1.30.0",
        "constructs": "^1.1.2"
      }
    },
    "@aws-cdk/aws-elasticloadbalancing": {
      "version": "1.30.0",
      "resolved": "https://registry.npmjs.org/@aws-cdk/aws-elasticloadbalancing/-/aws-elasticloadbalancing-1.30.0.tgz",
      "integrity": "sha512-kkWoVa31xquW2zNUfTlfeHhgC7gxZuK4iJaRkGsBXqrVKDY0z8XLZknZ9x+WpEWpwqCZ+xJy6+W9YizM4i9TWg==",
      "requires": {
        "@aws-cdk/aws-ec2": "1.30.0",
        "@aws-cdk/core": "1.30.0",
        "constructs": "^1.1.2"
      }
    },
    "@aws-cdk/aws-elasticloadbalancingv2": {
      "version": "1.30.0",
      "resolved": "https://registry.npmjs.org/@aws-cdk/aws-elasticloadbalancingv2/-/aws-elasticloadbalancingv2-1.30.0.tgz",
      "integrity": "sha512-perGOoJWhY47k3rARmMbovkHE3FWu7sWlh0nH7f1fNDbHYp2PUZ2ZdAZfvsGktnPDdUPzh0HhkePMAgatPb9vg==",
      "requires": {
        "@aws-cdk/aws-certificatemanager": "1.30.0",
        "@aws-cdk/aws-cloudwatch": "1.30.0",
        "@aws-cdk/aws-ec2": "1.30.0",
        "@aws-cdk/aws-iam": "1.30.0",
        "@aws-cdk/aws-lambda": "1.30.0",
        "@aws-cdk/aws-s3": "1.30.0",
        "@aws-cdk/core": "1.30.0",
        "constructs": "^1.1.2"
      }
    },
    "@aws-cdk/aws-events": {
      "version": "1.30.0",
      "resolved": "https://registry.npmjs.org/@aws-cdk/aws-events/-/aws-events-1.30.0.tgz",
      "integrity": "sha512-XcXTzu/8Abf+YORv6qjAePoksLA9hRtxkKbHMNiNJNJbk882Eh+3vPTOD/ScZsC+CJcxURw9F4u6H81o395gtQ==",
      "requires": {
        "@aws-cdk/aws-iam": "1.30.0",
        "@aws-cdk/core": "1.30.0",
        "constructs": "^1.1.2"
      }
    },
    "@aws-cdk/aws-glue": {
      "version": "1.30.0",
      "resolved": "https://registry.npmjs.org/@aws-cdk/aws-glue/-/aws-glue-1.30.0.tgz",
      "integrity": "sha512-Q5A9bwvqOCBWBecqK89ASMTFm+JtRSdVkKpnXwIk0LDX4Vv3pB3NBhWi/GPD6zySfPiJni2HLGj4KG1not2Stw==",
      "requires": {
        "@aws-cdk/aws-iam": "1.30.0",
        "@aws-cdk/aws-kms": "1.30.0",
        "@aws-cdk/aws-s3": "1.30.0",
        "@aws-cdk/core": "1.30.0",
        "constructs": "^1.1.2"
      }
    },
    "@aws-cdk/aws-iam": {
      "version": "1.30.0",
      "resolved": "https://registry.npmjs.org/@aws-cdk/aws-iam/-/aws-iam-1.30.0.tgz",
      "integrity": "sha512-4USD/55znEEyEpCU3aH8ZhAhiTBKPy3O7d5gwYSgapCGl7NpBnNki3C4M1arShlEQeTOtxA0ABTj458TSejSBw==",
      "requires": {
        "@aws-cdk/core": "1.30.0",
        "@aws-cdk/region-info": "1.30.0",
        "constructs": "^1.1.2"
      }
    },
    "@aws-cdk/aws-kms": {
      "version": "1.30.0",
      "resolved": "https://registry.npmjs.org/@aws-cdk/aws-kms/-/aws-kms-1.30.0.tgz",
      "integrity": "sha512-YB1c4VemBJ4D9f82ZY8ETx/q54s0zrimvEkW1pPn3KZTym1jZlnXciZyDGUcpLOwdmL/0Ch3Y+9McH+d5I0hQg==",
      "requires": {
        "@aws-cdk/aws-iam": "1.30.0",
        "@aws-cdk/core": "1.30.0",
        "constructs": "^1.1.2"
      }
    },
    "@aws-cdk/aws-lambda": {
      "version": "1.30.0",
      "resolved": "https://registry.npmjs.org/@aws-cdk/aws-lambda/-/aws-lambda-1.30.0.tgz",
      "integrity": "sha512-s2SyoQUQM5AeckBPhhNDlS2jaTICEogRZ6NLDqCk0NglcPKJQ4hhq4Xul888Jc539WzG89znnONYvvH2Z9FSwg==",
      "requires": {
        "@aws-cdk/aws-cloudwatch": "1.30.0",
        "@aws-cdk/aws-ec2": "1.30.0",
        "@aws-cdk/aws-events": "1.30.0",
        "@aws-cdk/aws-iam": "1.30.0",
        "@aws-cdk/aws-logs": "1.30.0",
        "@aws-cdk/aws-s3": "1.30.0",
        "@aws-cdk/aws-s3-assets": "1.30.0",
        "@aws-cdk/aws-sqs": "1.30.0",
        "@aws-cdk/core": "1.30.0",
        "@aws-cdk/cx-api": "1.30.0",
        "constructs": "^1.1.2"
      }
    },
    "@aws-cdk/aws-logs": {
      "version": "1.30.0",
      "resolved": "https://registry.npmjs.org/@aws-cdk/aws-logs/-/aws-logs-1.30.0.tgz",
      "integrity": "sha512-jO6p+dEdofvodmyJSUjhXyioe3muIEnYBiL4B2FTL55aHNezI6QOQVOdEg3CNlGR9mHQYdBT+IbKMWXyif+OPw==",
      "requires": {
        "@aws-cdk/aws-cloudwatch": "1.30.0",
        "@aws-cdk/aws-iam": "1.30.0",
        "@aws-cdk/core": "1.30.0",
        "constructs": "^1.1.2"
      }
    },
    "@aws-cdk/aws-route53": {
      "version": "1.30.0",
      "resolved": "https://registry.npmjs.org/@aws-cdk/aws-route53/-/aws-route53-1.30.0.tgz",
      "integrity": "sha512-MikeCK5PHAqGyc77Uz5MS6Qn4pkgfBpq9FEyeEKiRtxDuv6Vfozc6Woy/mPEUAl64ZKnd1xOqIYUxHS4Y0hRxA==",
      "requires": {
        "@aws-cdk/aws-ec2": "1.30.0",
        "@aws-cdk/aws-logs": "1.30.0",
        "@aws-cdk/core": "1.30.0",
        "@aws-cdk/cx-api": "1.30.0",
        "constructs": "^1.1.2"
      }
    },
    "@aws-cdk/aws-route53-targets": {
      "version": "1.30.0",
      "resolved": "https://registry.npmjs.org/@aws-cdk/aws-route53-targets/-/aws-route53-targets-1.30.0.tgz",
      "integrity": "sha512-VmEw810kY/y/H0Z66KDNAJ8arD54+r3XOQflrO3/JZOzZCNVIFSxiEvgu2VEu77gW5GnDcIxkoi96VWwotneHQ==",
      "requires": {
        "@aws-cdk/aws-apigateway": "1.30.0",
        "@aws-cdk/aws-cloudfront": "1.30.0",
        "@aws-cdk/aws-ec2": "1.30.0",
        "@aws-cdk/aws-elasticloadbalancing": "1.30.0",
        "@aws-cdk/aws-elasticloadbalancingv2": "1.30.0",
        "@aws-cdk/aws-iam": "1.30.0",
        "@aws-cdk/aws-route53": "1.30.0",
        "@aws-cdk/aws-s3": "1.30.0",
        "@aws-cdk/core": "1.30.0",
        "@aws-cdk/region-info": "1.30.0",
        "constructs": "^1.1.2"
      }
    },
    "@aws-cdk/aws-s3": {
      "version": "1.30.0",
      "resolved": "https://registry.npmjs.org/@aws-cdk/aws-s3/-/aws-s3-1.30.0.tgz",
      "integrity": "sha512-GNs9NjI6BQEqRnEJjPb+/egLDuhsugZS3rp50qdJzfN/MPzw4j7aDkJ/A7gFCLYBq9S+oFOdKRjMjT4ughn/Hg==",
      "requires": {
        "@aws-cdk/aws-events": "1.30.0",
        "@aws-cdk/aws-iam": "1.30.0",
        "@aws-cdk/aws-kms": "1.30.0",
        "@aws-cdk/core": "1.30.0",
        "constructs": "^1.1.2"
      }
    },
    "@aws-cdk/aws-s3-assets": {
      "version": "1.30.0",
      "resolved": "https://registry.npmjs.org/@aws-cdk/aws-s3-assets/-/aws-s3-assets-1.30.0.tgz",
      "integrity": "sha512-/ijh3gxHFOlkTkH8HFEEa9PNqad2Sb9UjEjYZVGb7cTP0Hx+oxYa5ePzI+yap5ypBYePatVyz2v/TTvbdJy0NA==",
      "requires": {
        "@aws-cdk/assets": "1.30.0",
        "@aws-cdk/aws-iam": "1.30.0",
        "@aws-cdk/aws-s3": "1.30.0",
        "@aws-cdk/core": "1.30.0",
        "@aws-cdk/cx-api": "1.30.0",
        "constructs": "^1.1.2"
      }
    },
    "@aws-cdk/aws-sam": {
      "version": "1.30.0",
      "resolved": "https://registry.npmjs.org/@aws-cdk/aws-sam/-/aws-sam-1.30.0.tgz",
      "integrity": "sha512-klBn59GU29FMhDsc85wWOQBFN+NbIbssKDrIsxhkC7kJnP7XtHcg/Fy+Io3jrATGOdMgq86+2HtYJUY2dxMAXQ==",
      "requires": {
        "@aws-cdk/core": "1.30.0",
        "constructs": "^1.1.2"
      }
    },
    "@aws-cdk/aws-secretsmanager": {
      "version": "1.30.0",
      "resolved": "https://registry.npmjs.org/@aws-cdk/aws-secretsmanager/-/aws-secretsmanager-1.30.0.tgz",
      "integrity": "sha512-NBBStwpfO+XWffEgSujmEEk8Z6kbmd20qKJ4Cy6V4VHd5yEp8zBaoPxptElyIFcBEq2LjWmZxM6dXsQCGaaU1g==",
      "requires": {
        "@aws-cdk/aws-ec2": "1.30.0",
        "@aws-cdk/aws-iam": "1.30.0",
        "@aws-cdk/aws-kms": "1.30.0",
        "@aws-cdk/aws-lambda": "1.30.0",
        "@aws-cdk/aws-sam": "1.30.0",
        "@aws-cdk/core": "1.30.0",
        "constructs": "^1.1.2"
      }
    },
    "@aws-cdk/aws-servicediscovery": {
      "version": "1.30.0",
      "resolved": "https://registry.npmjs.org/@aws-cdk/aws-servicediscovery/-/aws-servicediscovery-1.30.0.tgz",
      "integrity": "sha512-x5sl5AbWxHQnEkD1+ZSvc+hz06ihYgMPp6/897XiQbU4QezbbpaZiiZK32YTl3mxllu09fezoHCVpZbuboSuTg==",
      "requires": {
        "@aws-cdk/aws-ec2": "1.30.0",
        "@aws-cdk/aws-elasticloadbalancingv2": "1.30.0",
        "@aws-cdk/aws-route53": "1.30.0",
        "@aws-cdk/core": "1.30.0",
        "constructs": "^1.1.2"
      }
    },
    "@aws-cdk/aws-sns": {
      "version": "1.30.0",
      "resolved": "https://registry.npmjs.org/@aws-cdk/aws-sns/-/aws-sns-1.30.0.tgz",
      "integrity": "sha512-8l9Nyjyos5IV2sxlRWDxq2ug8FfWRD+nWVh+Z1c6o9fTnrtszzPoZ4d6tq16kNWuecEyLlzO93RDp8Uc5SVQlQ==",
      "requires": {
        "@aws-cdk/aws-cloudwatch": "1.30.0",
        "@aws-cdk/aws-events": "1.30.0",
        "@aws-cdk/aws-iam": "1.30.0",
        "@aws-cdk/aws-kms": "1.30.0",
        "@aws-cdk/core": "1.30.0",
        "constructs": "^1.1.2"
      }
    },
    "@aws-cdk/aws-sns-subscriptions": {
      "version": "1.30.0",
      "resolved": "https://registry.npmjs.org/@aws-cdk/aws-sns-subscriptions/-/aws-sns-subscriptions-1.30.0.tgz",
      "integrity": "sha512-43rQ7McodPuhpAAwXmfQMzL+i5+6NulCuo719rYkS93KbIZJ6tGv/eBXutsfpmottQhSGDDMV1z/HMeyr0j6TQ==",
      "requires": {
        "@aws-cdk/aws-iam": "1.30.0",
        "@aws-cdk/aws-lambda": "1.30.0",
        "@aws-cdk/aws-sns": "1.30.0",
        "@aws-cdk/aws-sqs": "1.30.0",
        "@aws-cdk/core": "1.30.0",
        "constructs": "^1.1.2"
      }
    },
    "@aws-cdk/aws-sqs": {
      "version": "1.30.0",
      "resolved": "https://registry.npmjs.org/@aws-cdk/aws-sqs/-/aws-sqs-1.30.0.tgz",
      "integrity": "sha512-P2afE23f3woZTwFDIG3RDlKqjGPRXzL294hfj/hHT3BlkawMUxP3xplSwjh32Olx0TY9fMajAkYbU6Pi8a5Opw==",
      "requires": {
        "@aws-cdk/aws-cloudwatch": "1.30.0",
        "@aws-cdk/aws-iam": "1.30.0",
        "@aws-cdk/aws-kms": "1.30.0",
        "@aws-cdk/core": "1.30.0",
        "constructs": "^1.1.2"
      }
    },
    "@aws-cdk/aws-ssm": {
      "version": "1.30.0",
      "resolved": "https://registry.npmjs.org/@aws-cdk/aws-ssm/-/aws-ssm-1.30.0.tgz",
      "integrity": "sha512-nGOWWBRpg4pa8QP6ReuRU0P58fJ8zhDLGfJfjz9p0HMoFuTi0jCr8zAFlqSa95kaQRfbchf0osE+9y9a3HXGQQ==",
      "requires": {
        "@aws-cdk/aws-iam": "1.30.0",
        "@aws-cdk/aws-kms": "1.30.0",
        "@aws-cdk/core": "1.30.0",
        "@aws-cdk/cx-api": "1.30.0",
        "constructs": "^1.1.2"
      }
    },
    "@aws-cdk/aws-stepfunctions": {
      "version": "1.30.0",
      "resolved": "https://registry.npmjs.org/@aws-cdk/aws-stepfunctions/-/aws-stepfunctions-1.30.0.tgz",
      "integrity": "sha512-pF7leTk31rdQ34J7CrCrUrDWW7vozyTzMQ6PSYKbpqhMSGeE/NVjYzKsmvvG+4SSRCv92czJBP7eZEJZ1p1ZTQ==",
      "requires": {
        "@aws-cdk/aws-cloudwatch": "1.30.0",
        "@aws-cdk/aws-events": "1.30.0",
        "@aws-cdk/aws-iam": "1.30.0",
        "@aws-cdk/core": "1.30.0",
        "constructs": "^1.1.2"
      }
    },
    "@aws-cdk/aws-stepfunctions-tasks": {
      "version": "1.30.0",
      "resolved": "https://registry.npmjs.org/@aws-cdk/aws-stepfunctions-tasks/-/aws-stepfunctions-tasks-1.30.0.tgz",
      "integrity": "sha512-vyFNdvNMJabTmwam324vm+KTXmi4hSLlvtBgERBHHw9RsRbN0ydIYdXTikG/iINv6WZxxxucUcykM3i0RSSTwA==",
      "requires": {
        "@aws-cdk/assets": "1.30.0",
        "@aws-cdk/aws-batch": "1.30.0",
        "@aws-cdk/aws-cloudwatch": "1.30.0",
        "@aws-cdk/aws-ec2": "1.30.0",
        "@aws-cdk/aws-ecr": "1.30.0",
        "@aws-cdk/aws-ecr-assets": "1.30.0",
        "@aws-cdk/aws-ecs": "1.30.0",
        "@aws-cdk/aws-glue": "1.30.0",
        "@aws-cdk/aws-iam": "1.30.0",
        "@aws-cdk/aws-kms": "1.30.0",
        "@aws-cdk/aws-lambda": "1.30.0",
        "@aws-cdk/aws-s3": "1.30.0",
        "@aws-cdk/aws-sns": "1.30.0",
        "@aws-cdk/aws-sqs": "1.30.0",
        "@aws-cdk/aws-stepfunctions": "1.30.0",
        "@aws-cdk/core": "1.30.0",
        "constructs": "^1.1.2"
      }
    },
    "@aws-cdk/core": {
      "version": "1.30.0",
      "resolved": "https://registry.npmjs.org/@aws-cdk/core/-/core-1.30.0.tgz",
      "integrity": "sha512-nenxs8xUwELMn2zeFuVts7U/cQ8m2Pb2p8d4Gi4HC0mJJZbsUBRR5Vi6oYm5nHzcB3OP30gtIGNnWuHcdKPthA==",
      "requires": {
        "@aws-cdk/cx-api": "1.30.0",
        "constructs": "^1.1.2"
      }
    },
    "@aws-cdk/custom-resources": {
      "version": "1.30.0",
      "resolved": "https://registry.npmjs.org/@aws-cdk/custom-resources/-/custom-resources-1.30.0.tgz",
      "integrity": "sha512-TU4ri2Gc+sMWR02jcsMRX2o2vGVcyG/pyATBHx+n+AKNaQCB6gSsDcNHIoK45iGJjOqeSSlifqeMb/Pnu/9cTw==",
      "requires": {
        "@aws-cdk/aws-cloudformation": "1.30.0",
        "@aws-cdk/aws-iam": "1.30.0",
        "@aws-cdk/aws-lambda": "1.30.0",
        "@aws-cdk/aws-logs": "1.30.0",
        "@aws-cdk/aws-sns": "1.30.0",
        "@aws-cdk/aws-stepfunctions": "1.30.0",
        "@aws-cdk/aws-stepfunctions-tasks": "1.30.0",
        "@aws-cdk/core": "1.30.0",
        "constructs": "^1.1.2"
      }
    },
    "@aws-cdk/cx-api": {
      "version": "1.30.0",
      "resolved": "https://registry.npmjs.org/@aws-cdk/cx-api/-/cx-api-1.30.0.tgz",
      "integrity": "sha512-h2KFPR08xQOrKKH7MNu93lKRgrYh+lxTsBeuaaAki75n1/cbAN5b8nBoD445r86N4Bw7INmuVbVgZSHibrK/nw==",
      "requires": {
        "semver": "^7.1.3"
      },
      "dependencies": {
        "semver": {
          "version": "7.1.3",
          "bundled": true
        }
      }
    },
    "@aws-cdk/region-info": {
      "version": "1.30.0",
      "resolved": "https://registry.npmjs.org/@aws-cdk/region-info/-/region-info-1.30.0.tgz",
      "integrity": "sha512-1t8ywtu+pbkKg8MNr0n6+uNmXPIIuodE7AcZ8TthtTPYGwFgYpNaRlZtRnHagw9g6ilxIrZNAZwXqGEamo3F+w=="
    },
    "@types/node": {
      "version": "10.17.17",
      "resolved": "https://registry.npmjs.org/@types/node/-/node-10.17.17.tgz",
      "integrity": "sha512-gpNnRnZP3VWzzj5k3qrpRC6Rk3H/uclhAVo1aIvwzK5p5cOrs9yEyQ8H/HBsBY0u5rrWxXEiVPQ0dEB6pkjE8Q==",
      "dev": true
    },
    "constructs": {
      "version": "1.1.5",
      "resolved": "https://registry.npmjs.org/constructs/-/constructs-1.1.5.tgz",
      "integrity": "sha512-rPjQUKSqn5sJTS0qPnNTvDJ/ezG+iipt3g3bcnGip6F8zErHKUb+oIN1/G8NLZm8vw5ZJ+tjZkapvPVFxdo2yA=="
    },
    "typescript": {
      "version": "3.7.5",
      "resolved": "https://registry.npmjs.org/typescript/-/typescript-3.7.5.tgz",
      "integrity": "sha512-/P5lkRXkWHNAbcJIiHPfRoKqyd7bsyCma1hZNUGfn20qm64T6ZBlrzprymeu918H+mB/0rIg2gGK/BXkhhYgBw==",
      "dev": true
    },
    "uuid": {
      "version": "7.0.2",
      "resolved": "https://registry.npmjs.org/uuid/-/uuid-7.0.2.tgz",
      "integrity": "sha512-vy9V/+pKG+5ZTYKf+VcphF5Oc6EFiu3W8Nv3P3zIh0EqVI80ZxOzuPfe9EHjkFNvf8+xuTHVeei4Drydlx4zjw=="
    }
  }
}
