{
  "name": "src",
  "version": "1.0.0",
  "lockfileVersion": 1,
  "requires": true,
  "dependencies": {
    "tiny-uid": {
      "version": "1.1.1",
      "resolved": "https://registry.npmjs.org/tiny-uid/-/tiny-uid-1.1.1.tgz",
      "integrity": "sha512-YRtEXpxokCLMMR46Ml/gen6jDFjZpyo9BMlEGmEpElA+zbCKtoTTikvvDTKR4Gro6tNij3ZA+60i9UiCYKKVyw=="
    }
  }
}
