{
  "name": "src",
  "version": "1.0.0",
  "lockfileVersion": 1,
  "requires": true,
  "dependencies": {
    "@aws-cdk/assets": {
      "version": "1.49.1",
      "resolved": "https://registry.npmjs.org/@aws-cdk/assets/-/assets-1.49.1.tgz",
      "integrity": "sha512-h8lAQJNhdI/WXCN8guh9IDQZHCV+wN9+RigDVOVXkDEs2p6gIzd2fH5xsRhiBG2caVcRBFg40iYaPfnhkjTUbw==",
      "requires": {
        "@aws-cdk/core": "1.49.1",
        "@aws-cdk/cx-api": "1.49.1",
        "constructs": "^3.0.2"
      }
    },
    "@aws-cdk/aws-apigateway": {
      "version": "1.49.1",
      "resolved": "https://registry.npmjs.org/@aws-cdk/aws-apigateway/-/aws-apigateway-1.49.1.tgz",
      "integrity": "sha512-PKDuHndoZ2ia3bVG+jQjUiuN+7I2RWulhkOweIpgN/DQgj67lcqqTOs8yRihgkrR+rMf53v8nROUFG13oUV4lw==",
      "requires": {
        "@aws-cdk/assets": "1.49.1",
        "@aws-cdk/aws-certificatemanager": "1.49.1",
        "@aws-cdk/aws-ec2": "1.49.1",
        "@aws-cdk/aws-elasticloadbalancingv2": "1.49.1",
        "@aws-cdk/aws-iam": "1.49.1",
        "@aws-cdk/aws-lambda": "1.49.1",
        "@aws-cdk/aws-logs": "1.49.1",
        "@aws-cdk/aws-s3": "1.49.1",
        "@aws-cdk/aws-s3-assets": "1.49.1",
        "@aws-cdk/core": "1.49.1",
        "@aws-cdk/cx-api": "1.49.1",
        "constructs": "^3.0.2"
      }
    },
    "@aws-cdk/aws-autoscaling": {
      "version": "1.49.1",
      "resolved": "https://registry.npmjs.org/@aws-cdk/aws-autoscaling/-/aws-autoscaling-1.49.1.tgz",
      "integrity": "sha512-R7+HUyMxlrJ/1VtPITbz7aW8WgYeJX8BjBzp4dDeNG3l577KmK9ivg9vSknb3XrYy+34DPLPIjgyVJo0ew1MRw==",
      "requires": {
        "@aws-cdk/aws-autoscaling-common": "1.49.1",
        "@aws-cdk/aws-cloudwatch": "1.49.1",
        "@aws-cdk/aws-ec2": "1.49.1",
        "@aws-cdk/aws-elasticloadbalancing": "1.49.1",
        "@aws-cdk/aws-elasticloadbalancingv2": "1.49.1",
        "@aws-cdk/aws-iam": "1.49.1",
        "@aws-cdk/aws-sns": "1.49.1",
        "@aws-cdk/core": "1.49.1",
        "constructs": "^3.0.2"
      }
    },
    "@aws-cdk/aws-autoscaling-common": {
      "version": "1.49.1",
      "resolved": "https://registry.npmjs.org/@aws-cdk/aws-autoscaling-common/-/aws-autoscaling-common-1.49.1.tgz",
      "integrity": "sha512-NhOrbh6hBy5+0ecRVgsd9HNZGu+CMzVIaUZX9wTtuQ0hvIW2eNW62/nbvtKE2vFFkPWNoYUaysetK+uGEAwuRw==",
      "requires": {
        "@aws-cdk/aws-iam": "1.49.1",
        "@aws-cdk/core": "1.49.1",
        "constructs": "^3.0.2"
      }
    },
    "@aws-cdk/aws-certificatemanager": {
      "version": "1.49.1",
      "resolved": "https://registry.npmjs.org/@aws-cdk/aws-certificatemanager/-/aws-certificatemanager-1.49.1.tgz",
      "integrity": "sha512-f/qEhBnt0Wcxe+qRyV2LevvDlpM3ftRbpgMmF33IsOuMB+OheIcN3+H9jjOAWaNIh2E3lOiy8rmgyNWsAHJiYA==",
      "requires": {
        "@aws-cdk/aws-iam": "1.49.1",
        "@aws-cdk/aws-lambda": "1.49.1",
        "@aws-cdk/aws-route53": "1.49.1",
        "@aws-cdk/core": "1.49.1",
        "constructs": "^3.0.2"
      }
    },
    "@aws-cdk/aws-cloudformation": {
      "version": "1.49.1",
      "resolved": "https://registry.npmjs.org/@aws-cdk/aws-cloudformation/-/aws-cloudformation-1.49.1.tgz",
      "integrity": "sha512-kHp1BqjFQxuiDysBKavwZXnjFFlHk4egB3sYKGGL3/abLnpnf4ZErlN0LEHOopYU4TKvSkNeWDG6IfhhSalDNw==",
      "requires": {
        "@aws-cdk/aws-iam": "1.49.1",
        "@aws-cdk/aws-lambda": "1.49.1",
        "@aws-cdk/aws-s3": "1.49.1",
        "@aws-cdk/aws-sns": "1.49.1",
        "@aws-cdk/core": "1.49.1",
        "@aws-cdk/cx-api": "1.49.1",
        "constructs": "^3.0.2"
      }
    },
    "@aws-cdk/aws-cloudfront": {
      "version": "1.49.1",
      "resolved": "https://registry.npmjs.org/@aws-cdk/aws-cloudfront/-/aws-cloudfront-1.49.1.tgz",
      "integrity": "sha512-4cMlOmH+zNNu4xq8zf9BUOFDZX9QX6mGa5j+As2txT7TDEvtNqnkCVbOXX4dVJFX9TybHL2ItsFToLG4S21j3Q==",
      "requires": {
        "@aws-cdk/aws-certificatemanager": "1.49.1",
        "@aws-cdk/aws-iam": "1.49.1",
        "@aws-cdk/aws-kms": "1.49.1",
        "@aws-cdk/aws-lambda": "1.49.1",
        "@aws-cdk/aws-s3": "1.49.1",
        "@aws-cdk/core": "1.49.1",
        "constructs": "^3.0.2"
      }
    },
    "@aws-cdk/aws-cloudwatch": {
      "version": "1.49.1",
      "resolved": "https://registry.npmjs.org/@aws-cdk/aws-cloudwatch/-/aws-cloudwatch-1.49.1.tgz",
      "integrity": "sha512-b1Gg+o/tvE6IKK/RcLPdvBPgA2AJzp1GZ3EKri522efVuIdDQE542PRZ7rivlikohl8jTFmYVUXbbcHNoz41YQ==",
      "requires": {
        "@aws-cdk/aws-iam": "1.49.1",
        "@aws-cdk/core": "1.49.1",
        "constructs": "^3.0.2"
      }
    },
    "@aws-cdk/aws-codebuild": {
      "version": "1.49.1",
      "resolved": "https://registry.npmjs.org/@aws-cdk/aws-codebuild/-/aws-codebuild-1.49.1.tgz",
      "integrity": "sha512-KYL2BFHe5p1Jk+arxUuyd8pC1oHvuKZNGNlYKgaTFkGO6mRz/2FbzLZr0C9WhPywp1luuio9sGs4mDYLNJdnwQ==",
      "requires": {
        "@aws-cdk/assets": "1.49.1",
        "@aws-cdk/aws-cloudwatch": "1.49.1",
        "@aws-cdk/aws-codecommit": "1.49.1",
        "@aws-cdk/aws-ec2": "1.49.1",
        "@aws-cdk/aws-ecr": "1.49.1",
        "@aws-cdk/aws-ecr-assets": "1.49.1",
        "@aws-cdk/aws-events": "1.49.1",
        "@aws-cdk/aws-iam": "1.49.1",
        "@aws-cdk/aws-kms": "1.49.1",
        "@aws-cdk/aws-s3": "1.49.1",
        "@aws-cdk/aws-s3-assets": "1.49.1",
        "@aws-cdk/aws-secretsmanager": "1.49.1",
        "@aws-cdk/core": "1.49.1",
        "constructs": "^3.0.2"
      }
    },
    "@aws-cdk/aws-codecommit": {
      "version": "1.49.1",
      "resolved": "https://registry.npmjs.org/@aws-cdk/aws-codecommit/-/aws-codecommit-1.49.1.tgz",
      "integrity": "sha512-LXflMrV6xDWHgGfQPDr8wS1sz3l5VCbRaRcje6SbgOOh0g5O2racgzU3eagFvRXBKobRV2WVl8mu2FrG4MKrRA==",
      "requires": {
        "@aws-cdk/aws-events": "1.49.1",
        "@aws-cdk/aws-iam": "1.49.1",
        "@aws-cdk/core": "1.49.1",
        "constructs": "^3.0.2"
      }
    },
    "@aws-cdk/aws-cognito": {
      "version": "1.49.1",
      "resolved": "https://registry.npmjs.org/@aws-cdk/aws-cognito/-/aws-cognito-1.49.1.tgz",
      "integrity": "sha512-DK7wYy++c5+DQa6nL0SaKS1UlDU6zdXzCX2El0dLNmLXBRsFzBRAhhCLY7mwbdQ+68A8yaxNK9MX0vZn1NFa9A==",
      "requires": {
        "@aws-cdk/aws-certificatemanager": "1.49.1",
        "@aws-cdk/aws-iam": "1.49.1",
        "@aws-cdk/aws-lambda": "1.49.1",
        "@aws-cdk/core": "1.49.1",
        "@aws-cdk/custom-resources": "1.49.1",
        "constructs": "^3.0.2"
      }
    },
    "@aws-cdk/aws-ec2": {
      "version": "1.49.1",
      "resolved": "https://registry.npmjs.org/@aws-cdk/aws-ec2/-/aws-ec2-1.49.1.tgz",
      "integrity": "sha512-xM3jbM6iP3UEaKC5BnHFy/EJArHKqMss9Htr7/fRY5gnhofvEpfawq8J6lSolqF5l6u+2Lvmldzp5yRThA7yEA==",
      "requires": {
        "@aws-cdk/aws-cloudwatch": "1.49.1",
        "@aws-cdk/aws-iam": "1.49.1",
        "@aws-cdk/aws-kms": "1.49.1",
        "@aws-cdk/aws-logs": "1.49.1",
        "@aws-cdk/aws-s3": "1.49.1",
        "@aws-cdk/aws-ssm": "1.49.1",
        "@aws-cdk/cloud-assembly-schema": "1.49.1",
        "@aws-cdk/core": "1.49.1",
        "@aws-cdk/cx-api": "1.49.1",
        "@aws-cdk/region-info": "1.49.1",
        "constructs": "^3.0.2"
      }
    },
    "@aws-cdk/aws-ecr": {
      "version": "1.49.1",
      "resolved": "https://registry.npmjs.org/@aws-cdk/aws-ecr/-/aws-ecr-1.49.1.tgz",
      "integrity": "sha512-KeuFb6XIJ7szhtku/OFuNI/I5zZ5kTkQjITVgB1CsTj9rRxHhy49izO2eP0eYK7PBpQUSPEQWuwcKsKdFmKehA==",
      "requires": {
        "@aws-cdk/aws-events": "1.49.1",
        "@aws-cdk/aws-iam": "1.49.1",
        "@aws-cdk/core": "1.49.1",
        "@aws-cdk/custom-resources": "1.49.1",
        "constructs": "^3.0.2"
      }
    },
    "@aws-cdk/aws-ecr-assets": {
      "version": "1.49.1",
      "resolved": "https://registry.npmjs.org/@aws-cdk/aws-ecr-assets/-/aws-ecr-assets-1.49.1.tgz",
      "integrity": "sha512-Zss1NlSrYL1eIyRflPcuC41x/nBBF5V7Yg5N7hTak8pP+woMaDE34sEADkdQfRmtyVvLq9EqCdYTEfC8DXTxhQ==",
      "requires": {
        "@aws-cdk/assets": "1.49.1",
        "@aws-cdk/aws-ecr": "1.49.1",
        "@aws-cdk/aws-iam": "1.49.1",
        "@aws-cdk/aws-lambda": "1.49.1",
        "@aws-cdk/aws-s3": "1.49.1",
        "@aws-cdk/core": "1.49.1",
        "@aws-cdk/cx-api": "1.49.1",
        "constructs": "^3.0.2",
        "minimatch": "^3.0.4"
      },
      "dependencies": {
        "minimatch": {
          "version": "3.0.4",
          "resolved": "https://registry.npmjs.org/minimatch/-/minimatch-3.0.4.tgz",
          "integrity": "sha512-yJHVQEhyqPLUTgt9B83PXu6W3rx4MvvHvSUvToogpwoGDOUQ+yDrR0HRot+yOCdCO7u4hX3pWft6kWBBcqh0UA==",
          "requires": {
            "brace-expansion": "^1.1.7"
          }
        }
      }
    },
    "@aws-cdk/aws-elasticloadbalancing": {
      "version": "1.49.1",
      "resolved": "https://registry.npmjs.org/@aws-cdk/aws-elasticloadbalancing/-/aws-elasticloadbalancing-1.49.1.tgz",
      "integrity": "sha512-MVuowjDjD+JZmL/r3ZhEOjxQALeDPU0D+ldtRJLWN8FcW63IHB7C6yW/HTK7nP1O/hQYhSvDtbqFriqUqOGBXQ==",
      "requires": {
        "@aws-cdk/aws-ec2": "1.49.1",
        "@aws-cdk/core": "1.49.1",
        "constructs": "^3.0.2"
      }
    },
    "@aws-cdk/aws-elasticloadbalancingv2": {
      "version": "1.49.1",
      "resolved": "https://registry.npmjs.org/@aws-cdk/aws-elasticloadbalancingv2/-/aws-elasticloadbalancingv2-1.49.1.tgz",
      "integrity": "sha512-H6tYUhNAg8TYlcQIVsmjTe9vGqXRRcfoSQmpT5cVGh+a1MA/xBzFYWmbR6Zlr6vqOAkpPAZGKnbG983jNv+AQA==",
      "requires": {
        "@aws-cdk/aws-certificatemanager": "1.49.1",
        "@aws-cdk/aws-cloudwatch": "1.49.1",
        "@aws-cdk/aws-ec2": "1.49.1",
        "@aws-cdk/aws-iam": "1.49.1",
        "@aws-cdk/aws-lambda": "1.49.1",
        "@aws-cdk/aws-s3": "1.49.1",
        "@aws-cdk/core": "1.49.1",
        "constructs": "^3.0.2"
      }
    },
    "@aws-cdk/aws-elasticloadbalancingv2-targets": {
      "version": "1.49.1",
      "resolved": "https://registry.npmjs.org/@aws-cdk/aws-elasticloadbalancingv2-targets/-/aws-elasticloadbalancingv2-targets-1.49.1.tgz",
      "integrity": "sha512-Kdf+sdsjFlxiHtMCpiYqI4PW+06Rp0Lx14VXsru3bq9GmOGj0GT888MpNsyoeihoMF2vmPDX6Crz2Vzl8OdBdg==",
      "requires": {
        "@aws-cdk/aws-ec2": "1.49.1",
        "@aws-cdk/aws-elasticloadbalancingv2": "1.49.1",
        "@aws-cdk/aws-iam": "1.49.1",
        "@aws-cdk/aws-lambda": "1.49.1",
        "@aws-cdk/core": "1.49.1",
        "constructs": "^3.0.2"
      }
    },
    "@aws-cdk/aws-events": {
      "version": "1.49.1",
      "resolved": "https://registry.npmjs.org/@aws-cdk/aws-events/-/aws-events-1.49.1.tgz",
      "integrity": "sha512-tSShmwpGxgpEvNf4L5KjnJ65aAYnYh1/BX9/Z5i7OUVFbdBcus9+8kIGGHec8wio5PJ1IqJMDBBWh41AsRc4bg==",
      "requires": {
        "@aws-cdk/aws-iam": "1.49.1",
        "@aws-cdk/core": "1.49.1",
        "constructs": "^3.0.2"
      }
    },
    "@aws-cdk/aws-iam": {
      "version": "1.49.1",
      "resolved": "https://registry.npmjs.org/@aws-cdk/aws-iam/-/aws-iam-1.49.1.tgz",
      "integrity": "sha512-6iSc56shdO933/DuRkXUI45Dva1Cz4kjMEs8Eqt/mkeivwswjQ2p2EXbyST7seNZT6HPaXU4uD3aYW3rjWmOXw==",
      "requires": {
        "@aws-cdk/core": "1.49.1",
        "@aws-cdk/region-info": "1.49.1",
        "constructs": "^3.0.2"
      }
    },
    "@aws-cdk/aws-kms": {
      "version": "1.49.1",
      "resolved": "https://registry.npmjs.org/@aws-cdk/aws-kms/-/aws-kms-1.49.1.tgz",
      "integrity": "sha512-ORjuZd48vgL2/Lnc5fesDcG9p5NT7AAJypnza85QlGNq9DelZKwzJPxfYETGRp/R/LEuZkpPSSDeXsPs2ExP5g==",
      "requires": {
        "@aws-cdk/aws-iam": "1.49.1",
        "@aws-cdk/core": "1.49.1",
        "constructs": "^3.0.2"
      }
    },
    "@aws-cdk/aws-lambda": {
      "version": "1.49.1",
      "resolved": "https://registry.npmjs.org/@aws-cdk/aws-lambda/-/aws-lambda-1.49.1.tgz",
      "integrity": "sha512-21aSrlUEC3BD5GoQhvSVJdcL5QfnlY0fmJf4Vlwv0n+SpEsX3j6D8YFSj72TYKPI7bJqtzTz+HfsweIWZz01vQ==",
      "requires": {
        "@aws-cdk/aws-cloudwatch": "1.49.1",
        "@aws-cdk/aws-ec2": "1.49.1",
        "@aws-cdk/aws-events": "1.49.1",
        "@aws-cdk/aws-iam": "1.49.1",
        "@aws-cdk/aws-logs": "1.49.1",
        "@aws-cdk/aws-s3": "1.49.1",
        "@aws-cdk/aws-s3-assets": "1.49.1",
        "@aws-cdk/aws-sqs": "1.49.1",
        "@aws-cdk/core": "1.49.1",
        "@aws-cdk/cx-api": "1.49.1",
        "constructs": "^3.0.2"
      }
    },
    "@aws-cdk/aws-logs": {
      "version": "1.49.1",
      "resolved": "https://registry.npmjs.org/@aws-cdk/aws-logs/-/aws-logs-1.49.1.tgz",
      "integrity": "sha512-G61ajH5Rkn/dVGE4oRQWXfBjFDq54c5iLi9bCY/sz6szIInGnbm+Ozeg4Re5Bayvkc+oVr+PboRJTYyYaf3Sww==",
      "requires": {
        "@aws-cdk/aws-cloudwatch": "1.49.1",
        "@aws-cdk/aws-iam": "1.49.1",
        "@aws-cdk/core": "1.49.1",
        "constructs": "^3.0.2"
      }
    },
    "@aws-cdk/aws-route53": {
      "version": "1.49.1",
      "resolved": "https://registry.npmjs.org/@aws-cdk/aws-route53/-/aws-route53-1.49.1.tgz",
      "integrity": "sha512-jSRq2uucYziMBOPT2484LCSm3DaPC/aDGgXPpFwjP80haM514ip65FW9bVp0fShQfgGuUCWXmxOg5CpFLxUIPQ==",
      "requires": {
        "@aws-cdk/aws-ec2": "1.49.1",
        "@aws-cdk/aws-logs": "1.49.1",
        "@aws-cdk/cloud-assembly-schema": "1.49.1",
        "@aws-cdk/core": "1.49.1",
        "constructs": "^3.0.2"
      }
    },
    "@aws-cdk/aws-route53-targets": {
      "version": "1.49.1",
      "resolved": "https://registry.npmjs.org/@aws-cdk/aws-route53-targets/-/aws-route53-targets-1.49.1.tgz",
      "integrity": "sha512-tNrFEGjBUNSc8OXyxGpe6s4hiwacaqDxxg8GVaQhSS6dCV129keX7oaLOe0iKOjWhuSb7+BPfHW3legroHDY2A==",
      "requires": {
        "@aws-cdk/aws-apigateway": "1.49.1",
        "@aws-cdk/aws-cloudfront": "1.49.1",
        "@aws-cdk/aws-cognito": "1.49.1",
        "@aws-cdk/aws-ec2": "1.49.1",
        "@aws-cdk/aws-elasticloadbalancing": "1.49.1",
        "@aws-cdk/aws-elasticloadbalancingv2": "1.49.1",
        "@aws-cdk/aws-iam": "1.49.1",
        "@aws-cdk/aws-route53": "1.49.1",
        "@aws-cdk/aws-s3": "1.49.1",
        "@aws-cdk/core": "1.49.1",
        "@aws-cdk/region-info": "1.49.1",
        "constructs": "^3.0.2"
      }
    },
    "@aws-cdk/aws-s3": {
      "version": "1.49.1",
      "resolved": "https://registry.npmjs.org/@aws-cdk/aws-s3/-/aws-s3-1.49.1.tgz",
      "integrity": "sha512-oyzGa9ymWhy5RPjqAyS6ltaeNM/n1wi9BwXdsDJq469mwUuBlPtD2iRmjOrvevtlN5mIQWekrc+USiiAtIk2ag==",
      "requires": {
        "@aws-cdk/aws-events": "1.49.1",
        "@aws-cdk/aws-iam": "1.49.1",
        "@aws-cdk/aws-kms": "1.49.1",
        "@aws-cdk/core": "1.49.1",
        "constructs": "^3.0.2"
      }
    },
    "@aws-cdk/aws-s3-assets": {
      "version": "1.49.1",
      "resolved": "https://registry.npmjs.org/@aws-cdk/aws-s3-assets/-/aws-s3-assets-1.49.1.tgz",
      "integrity": "sha512-mbMgShCYFtIYmTcmQWscKkCKoPSmlcMKbytXg5BFK1i3z6+3nQ0RIXfJuypZhGe3d6ao+YrIGMoqqUJZmDW0wg==",
      "requires": {
        "@aws-cdk/assets": "1.49.1",
        "@aws-cdk/aws-iam": "1.49.1",
        "@aws-cdk/aws-kms": "1.49.1",
        "@aws-cdk/aws-s3": "1.49.1",
        "@aws-cdk/core": "1.49.1",
        "@aws-cdk/cx-api": "1.49.1",
        "constructs": "^3.0.2"
      }
    },
    "@aws-cdk/aws-sam": {
      "version": "1.49.1",
      "resolved": "https://registry.npmjs.org/@aws-cdk/aws-sam/-/aws-sam-1.49.1.tgz",
      "integrity": "sha512-TBMZ2D5UB/IpE6r6r/H3qtatDEWROBOM+fo4dxHp5RK1Rb6G/Leg8qIvPaGxwUCrdQ4215bUf6eVe3CqqZc/ug==",
      "requires": {
        "@aws-cdk/core": "1.49.1",
        "constructs": "^3.0.2"
      }
    },
    "@aws-cdk/aws-secretsmanager": {
      "version": "1.49.1",
      "resolved": "https://registry.npmjs.org/@aws-cdk/aws-secretsmanager/-/aws-secretsmanager-1.49.1.tgz",
      "integrity": "sha512-3LSs+VREe29HIIwUBRe0JkvP/en2Bs5VBKJbzCUu2SeV6LOm8lQcvvckHBJECA163imnwXpQsm6rj7Csg1t7eg==",
      "requires": {
        "@aws-cdk/aws-ec2": "1.49.1",
        "@aws-cdk/aws-iam": "1.49.1",
        "@aws-cdk/aws-kms": "1.49.1",
        "@aws-cdk/aws-lambda": "1.49.1",
        "@aws-cdk/aws-sam": "1.49.1",
        "@aws-cdk/core": "1.49.1",
        "constructs": "^3.0.2"
      }
    },
    "@aws-cdk/aws-sns": {
      "version": "1.49.1",
      "resolved": "https://registry.npmjs.org/@aws-cdk/aws-sns/-/aws-sns-1.49.1.tgz",
      "integrity": "sha512-GNuL//09HHEJTl7vNu+VA9/Nx/B6SKMaI4cOE3RBs6sSmUD/5u0CVd8iQsbwNRhBAcJuO1tUj/z/9/vHWZaq2g==",
      "requires": {
        "@aws-cdk/aws-cloudwatch": "1.49.1",
        "@aws-cdk/aws-events": "1.49.1",
        "@aws-cdk/aws-iam": "1.49.1",
        "@aws-cdk/aws-kms": "1.49.1",
        "@aws-cdk/aws-sqs": "1.49.1",
        "@aws-cdk/core": "1.49.1",
        "constructs": "^3.0.2"
      }
    },
    "@aws-cdk/aws-sqs": {
      "version": "1.49.1",
      "resolved": "https://registry.npmjs.org/@aws-cdk/aws-sqs/-/aws-sqs-1.49.1.tgz",
      "integrity": "sha512-iHULf/ThVyh2Fh4k4ajEKNw1b9/2FYpxx2IcbdUEaJRswW4ymuNCwbUTW5DhxAI6VCJ8/VM3a5tkb4Ddjn1mow==",
      "requires": {
        "@aws-cdk/aws-cloudwatch": "1.49.1",
        "@aws-cdk/aws-iam": "1.49.1",
        "@aws-cdk/aws-kms": "1.49.1",
        "@aws-cdk/core": "1.49.1",
        "constructs": "^3.0.2"
      }
    },
    "@aws-cdk/aws-ssm": {
      "version": "1.49.1",
      "resolved": "https://registry.npmjs.org/@aws-cdk/aws-ssm/-/aws-ssm-1.49.1.tgz",
      "integrity": "sha512-7Nnp1ecy6DgyLUFOG7v8V46Fxd/pMav605nLLxt8DKtazxbh6KGeXmtRdMnKx8QJdNq8lcpeeTjEu7wJ9u+SOg==",
      "requires": {
        "@aws-cdk/aws-iam": "1.49.1",
        "@aws-cdk/aws-kms": "1.49.1",
        "@aws-cdk/cloud-assembly-schema": "1.49.1",
        "@aws-cdk/core": "1.49.1",
        "constructs": "^3.0.2"
      }
    },
    "@aws-cdk/cdk": {
      "version": "0.36.1",
      "resolved": "https://registry.npmjs.org/@aws-cdk/cdk/-/cdk-0.36.1.tgz",
      "integrity": "sha512-zANjIxZZM/sFns5zUbGEBikZcF4m+77aNQ6o6vcQkVcglky9peZ0q7T4urngSDP/QHnjsqpp6QrJaLSvjcInJg=="
    },
    "@aws-cdk/cloud-assembly-schema": {
      "version": "1.49.1",
      "resolved": "https://registry.npmjs.org/@aws-cdk/cloud-assembly-schema/-/cloud-assembly-schema-1.49.1.tgz",
      "integrity": "sha512-nGLI0lEA8e+Zx4UqlT6mHJsMHle1OHB8sIAeeURD9lvpo7bDkiEp1qI1MTHNBB3/JFMXMvVtjdkF7u/lVToXgw==",
      "requires": {
        "jsonschema": "^1.2.5",
        "semver": "^7.2.2"
      }
    },
    "@aws-cdk/core": {
      "version": "1.49.1",
      "resolved": "https://registry.npmjs.org/@aws-cdk/core/-/core-1.49.1.tgz",
      "integrity": "sha512-RwgT1ClCxfOEDespUBP6SdhWcjzfeGjEedORxoOaHSWJ1mKX40m7wzYhV3fsumk4Nw0vuWHL7sLMtvHdMIII8w==",
      "requires": {
        "@aws-cdk/cloud-assembly-schema": "1.49.1",
        "@aws-cdk/cx-api": "1.49.1",
        "constructs": "^3.0.2",
        "fs-extra": "^9.0.1",
        "minimatch": "^3.0.4"
      }
    },
    "@aws-cdk/custom-resources": {
      "version": "1.49.1",
      "resolved": "https://registry.npmjs.org/@aws-cdk/custom-resources/-/custom-resources-1.49.1.tgz",
      "integrity": "sha512-E3DIP7z7pKPWS/bgYC1eGJoNdbRyhRhTId5kCsSTrSW1knF7f3GIx9qi7lGYCN/o2nYT5QqDXrT/d5u+8edp1g==",
      "requires": {
        "@aws-cdk/aws-cloudformation": "1.49.1",
        "@aws-cdk/aws-iam": "1.49.1",
        "@aws-cdk/aws-lambda": "1.49.1",
        "@aws-cdk/aws-logs": "1.49.1",
        "@aws-cdk/aws-sns": "1.49.1",
        "@aws-cdk/core": "1.49.1",
        "constructs": "^3.0.2"
      }
    },
    "@aws-cdk/cx-api": {
      "version": "1.49.1",
      "resolved": "https://registry.npmjs.org/@aws-cdk/cx-api/-/cx-api-1.49.1.tgz",
      "integrity": "sha512-ScagEdTpVjMEzDThXsPib3SopPAeogPmW579tA3cbbTJ4JcrHP0wkqZ40sIjiW+FyfZRh23lwjl320SZKZXhLA==",
      "requires": {
        "@aws-cdk/cloud-assembly-schema": "1.49.1",
        "semver": "^7.2.2"
      },
      "dependencies": {
        "semver": {
          "version": "7.3.2",
          "resolved": "https://registry.npmjs.org/semver/-/semver-7.3.2.tgz",
          "integrity": "sha512-OrOb32TeeambH6UrhtShmF7CRDqhL6/5XpPNp2DuRH6+9QLw/orhp72j87v8Qa1ScDkvrrBNpZcDejAirJmfXQ=="
        }
      }
    },
    "@aws-cdk/region-info": {
      "version": "1.49.1",
      "resolved": "https://registry.npmjs.org/@aws-cdk/region-info/-/region-info-1.49.1.tgz",
      "integrity": "sha512-FbeTsU+PoPY3AgIm3UA7lyGzYG+rGvFas0wtv2oqYy5+9eiSgeDPI/82Jp0hVQ8PsEsBWJEJkE3eQ9SKEQ/DPw=="
    },
    "@types/aws-lambda": {
      "version": "8.10.57",
      "resolved": "https://registry.npmjs.org/@types/aws-lambda/-/aws-lambda-8.10.57.tgz",
      "integrity": "sha512-LMOA9bJLerYoe2KvzHugfaLTa0jUPWrqwxq5VUZ/ZuAMKLJm6oNdCio38vw8jWEIAkPR3P6mBIwnU1DPgelAKg=="
    },
    "@types/node": {
      "version": "14.0.14",
      "resolved": "https://registry.npmjs.org/@types/node/-/node-14.0.14.tgz",
      "integrity": "sha512-syUgf67ZQpaJj01/tRTknkMNoBBLWJOBODF0Zm4NrXmiSuxjymFrxnTu1QVYRubhVkRcZLYZG8STTwJRdVm/WQ==",
      "dev": true
    },
    "argparse": {
      "version": "1.0.10",
      "resolved": "https://registry.npmjs.org/argparse/-/argparse-1.0.10.tgz",
      "integrity": "sha512-o5Roy6tNG4SL/FOkCAN6RzjiakZS25RLYFrcMttJqbdd8BWrnA+fGz57iN5Pb06pvBGvl5gQ0B48dJlslXvoTg==",
      "requires": {
        "sprintf-js": "~1.0.2"
      }
    },
    "at-least-node": {
      "version": "1.0.0",
      "resolved": "https://registry.npmjs.org/at-least-node/-/at-least-node-1.0.0.tgz",
      "integrity": "sha512-+q/t7Ekv1EDY2l6Gda6LLiX14rU9TV20Wa3ofeQmwPFZbOMo9DXrLbOjFaaclkXKWidIaopwAObQDqwWtGUjqg=="
    },
    "aws-lambda": {
      "version": "1.0.6",
      "resolved": "https://registry.npmjs.org/aws-lambda/-/aws-lambda-1.0.6.tgz",
      "integrity": "sha512-Z9lmZBiDYejzjMWuQSDXuZWAqAun6vGt7WApB1r0f8tLNf0IlTGsH30qENfP1kXeTbbMgPpt1bPEeMZjYDTXxQ==",
      "requires": {
        "aws-sdk": "*",
        "commander": "^3.0.2",
        "js-yaml": "^3.13.1",
        "watchpack": "^2.0.0-beta.10"
      },
      "dependencies": {
        "aws-sdk": {
          "version": "2.710.0",
          "resolved": "https://registry.npmjs.org/aws-sdk/-/aws-sdk-2.710.0.tgz",
          "integrity": "sha512-GQTPH0DzJMpvvtZ3VO+grkKVdL/nqjWsIfcVf1c3oedvEjW24wSXQEs6KWAGbpG2jbHsYKH7kZ4XXuq428LVAw==",
          "requires": {
            "buffer": "4.9.2",
            "events": "1.1.1",
            "ieee754": "1.1.13",
            "jmespath": "0.15.0",
            "querystring": "0.2.0",
            "sax": "1.2.1",
            "url": "0.10.3",
            "uuid": "3.3.2",
            "xml2js": "0.4.19"
          }
        },
        "uuid": {
          "version": "3.3.2",
          "resolved": "https://registry.npmjs.org/uuid/-/uuid-3.3.2.tgz",
          "integrity": "sha512-yXJmeNaw3DnnKAOKJE51sL/ZaYfWJRl1pK9dr19YFCu0ObS231AB1/LbqTKRAQ5kw8A90rA6fr4riOUpTZvQZA=="
        }
      }
    },
    "aws-sdk": {
      "version": "2.711.0",
      "resolved": "https://registry.npmjs.org/aws-sdk/-/aws-sdk-2.711.0.tgz",
      "integrity": "sha512-u2dt1k7vBE5sIzzMNRB+xCSHJ8vNmqeF8/KALdzoFtbBSxM6zKl8My3aV24rNiEC2lEA0PWTQEe9130hulOr2Q==",
      "requires": {
        "buffer": "4.9.2",
        "events": "1.1.1",
        "ieee754": "1.1.13",
        "jmespath": "0.15.0",
        "querystring": "0.2.0",
        "sax": "1.2.1",
        "url": "0.10.3",
        "uuid": "3.3.2",
        "xml2js": "0.4.19"
      },
      "dependencies": {
        "uuid": {
          "version": "3.3.2",
          "resolved": "https://registry.npmjs.org/uuid/-/uuid-3.3.2.tgz",
          "integrity": "sha512-yXJmeNaw3DnnKAOKJE51sL/ZaYfWJRl1pK9dr19YFCu0ObS231AB1/LbqTKRAQ5kw8A90rA6fr4riOUpTZvQZA=="
        }
      }
    },
    "balanced-match": {
      "version": "1.0.0",
      "resolved": "https://registry.npmjs.org/balanced-match/-/balanced-match-1.0.0.tgz",
      "integrity": "sha1-ibTRmasr7kneFk6gK4nORi1xt2c="
    },
    "base64-js": {
      "version": "1.3.1",
      "resolved": "https://registry.npmjs.org/base64-js/-/base64-js-1.3.1.tgz",
      "integrity": "sha512-mLQ4i2QO1ytvGWFWmcngKO//JXAQueZvwEKtjgQFM4jIK0kU+ytMfplL8j+n5mspOfjHwoAg+9yhb7BwAHm36g=="
    },
    "brace-expansion": {
      "version": "1.1.11",
      "resolved": "https://registry.npmjs.org/brace-expansion/-/brace-expansion-1.1.11.tgz",
      "integrity": "sha512-iCuPHDFgrHX7H2vEI/5xpz07zSHB00TpugqhmYtVmMO6518mCuRMoOYFldEBl0g187ufozdaHgWKcYFb61qGiA==",
      "requires": {
        "balanced-match": "^1.0.0",
        "concat-map": "0.0.1"
      }
    },
    "buffer": {
      "version": "4.9.2",
      "resolved": "https://registry.npmjs.org/buffer/-/buffer-4.9.2.tgz",
      "integrity": "sha512-xq+q3SRMOxGivLhBNaUdC64hDTQwejJ+H0T/NB1XMtTVEwNTrfFF3gAxiyW0Bu/xWEGhjVKgUcMhCrUy2+uCWg==",
      "requires": {
        "base64-js": "^1.0.2",
        "ieee754": "^1.1.4",
        "isarray": "^1.0.0"
      }
    },
    "commander": {
      "version": "3.0.2",
      "resolved": "https://registry.npmjs.org/commander/-/commander-3.0.2.tgz",
      "integrity": "sha512-Gar0ASD4BDyKC4hl4DwHqDrmvjoxWKZigVnAbn5H1owvm4CxCPdb0HQDehwNYMJpla5+M2tPmPARzhtYuwpHow=="
    },
    "concat-map": {
      "version": "0.0.1",
      "resolved": "https://registry.npmjs.org/concat-map/-/concat-map-0.0.1.tgz",
      "integrity": "sha1-2Klr13/Wjfd5OnMDajug1UBdR3s="
    },
    "constructs": {
      "version": "3.0.4",
      "resolved": "https://registry.npmjs.org/constructs/-/constructs-3.0.4.tgz",
      "integrity": "sha512-CDvg7gMjphE3DFX4pzkF6j73NREbR8npPFW8Mx/CLRnMR035+Y1o1HrXIsNSss/dq3ZUnNTU9jKyd3fL9EOlfw=="
    },
    "esprima": {
      "version": "4.0.1",
      "resolved": "https://registry.npmjs.org/esprima/-/esprima-4.0.1.tgz",
      "integrity": "sha512-eGuFFw7Upda+g4p+QHvnW0RyTX/SVeJBDM/gCtMARO0cLuT2HcEKnTPvhjV6aGeqrCB/sbNop0Kszm0jsaWU4A=="
    },
    "events": {
      "version": "1.1.1",
      "resolved": "https://registry.npmjs.org/events/-/events-1.1.1.tgz",
      "integrity": "sha1-nr23Y1rQmccNzEwqH1AEKI6L2SQ="
    },
    "fs-extra": {
      "version": "9.0.1",
      "resolved": "https://registry.npmjs.org/fs-extra/-/fs-extra-9.0.1.tgz",
      "integrity": "sha512-h2iAoN838FqAFJY2/qVpzFXy+EBxfVE220PalAqQLDVsFOHLJrZvut5puAbCdNv6WJk+B8ihI+k0c7JK5erwqQ==",
      "requires": {
        "at-least-node": "^1.0.0",
        "graceful-fs": "^4.2.0",
        "jsonfile": "^6.0.1",
        "universalify": "^1.0.0"
      }
    },
    "glob-to-regexp": {
      "version": "0.4.1",
      "resolved": "https://registry.npmjs.org/glob-to-regexp/-/glob-to-regexp-0.4.1.tgz",
      "integrity": "sha512-lkX1HJXwyMcprw/5YUZc2s7DrpAiHB21/V+E1rHUrVNokkvB6bqMzT0VfV6/86ZNabt1k14YOIaT7nDvOX3Iiw=="
    },
    "graceful-fs": {
      "version": "4.2.4",
      "resolved": "https://registry.npmjs.org/graceful-fs/-/graceful-fs-4.2.4.tgz",
      "integrity": "sha512-WjKPNJF79dtJAVniUlGGWHYGz2jWxT6VhN/4m1NdkbZ2nOsEF+cI1Edgql5zCRhs/VsQYRvrXctxktVXZUkixw=="
    },
    "ieee754": {
      "version": "1.1.13",
      "resolved": "https://registry.npmjs.org/ieee754/-/ieee754-1.1.13.tgz",
      "integrity": "sha512-4vf7I2LYV/HaWerSo3XmlMkp5eZ83i+/CDluXi/IGTs/O1sejBNhTtnxzmRZfvOUqj7lZjqHkeTvpgSFDlWZTg=="
    },
    "isarray": {
      "version": "1.0.0",
      "resolved": "https://registry.npmjs.org/isarray/-/isarray-1.0.0.tgz",
      "integrity": "sha1-u5NdSFgsuhaMBoNJV6VKPgcSTxE="
    },
    "jmespath": {
      "version": "0.15.0",
      "resolved": "https://registry.npmjs.org/jmespath/-/jmespath-0.15.0.tgz",
      "integrity": "sha1-o/Iiqarp+Wb10nx5ZRDigJF2Qhc="
    },
    "js-yaml": {
      "version": "3.14.0",
      "resolved": "https://registry.npmjs.org/js-yaml/-/js-yaml-3.14.0.tgz",
      "integrity": "sha512-/4IbIeHcD9VMHFqDR/gQ7EdZdLimOvW2DdcxFjdyyZ9NsbS+ccrXqVWDtab/lRl5AlUqmpBx8EhPaWR+OtY17A==",
      "requires": {
        "argparse": "^1.0.7",
        "esprima": "^4.0.0"
      }
    },
    "jsonfile": {
      "version": "6.0.1",
      "resolved": "https://registry.npmjs.org/jsonfile/-/jsonfile-6.0.1.tgz",
      "integrity": "sha512-jR2b5v7d2vIOust+w3wtFKZIfpC2pnRmFAhAC/BuweZFQR8qZzxH1OyrQ10HmdVYiXWkYUqPVsz91cG7EL2FBg==",
      "requires": {
        "graceful-fs": "^4.1.6",
        "universalify": "^1.0.0"
      }
    },
    "jsonschema": {
      "version": "1.2.6",
      "resolved": "https://registry.npmjs.org/jsonschema/-/jsonschema-1.2.6.tgz",
      "integrity": "sha512-SqhURKZG07JyKKeo/ir24QnS4/BV7a6gQy93bUSe4lUdNp0QNpIz2c9elWJQ9dpc5cQYY6cvCzgRwy0MQCLyqA=="
    },
    "minimatch": {
      "version": "3.0.4",
      "resolved": "https://registry.npmjs.org/minimatch/-/minimatch-3.0.4.tgz",
      "integrity": "sha512-yJHVQEhyqPLUTgt9B83PXu6W3rx4MvvHvSUvToogpwoGDOUQ+yDrR0HRot+yOCdCO7u4hX3pWft6kWBBcqh0UA==",
      "requires": {
        "brace-expansion": "^1.1.7"
      }
    },
    "punycode": {
      "version": "1.3.2",
      "resolved": "https://registry.npmjs.org/punycode/-/punycode-1.3.2.tgz",
      "integrity": "sha1-llOgNvt8HuQjQvIyXM7v6jkmxI0="
    },
    "querystring": {
      "version": "0.2.0",
      "resolved": "https://registry.npmjs.org/querystring/-/querystring-0.2.0.tgz",
      "integrity": "sha1-sgmEkgO7Jd+CDadW50cAWHhSFiA="
    },
    "sax": {
      "version": "1.2.1",
      "resolved": "https://registry.npmjs.org/sax/-/sax-1.2.1.tgz",
      "integrity": "sha1-e45lYZCyKOgaZq6nSEgNgozS03o="
    },
    "semver": {
      "version": "7.3.2",
      "resolved": "https://registry.npmjs.org/semver/-/semver-7.3.2.tgz",
      "integrity": "sha512-OrOb32TeeambH6UrhtShmF7CRDqhL6/5XpPNp2DuRH6+9QLw/orhp72j87v8Qa1ScDkvrrBNpZcDejAirJmfXQ=="
    },
    "sprintf-js": {
      "version": "1.0.3",
      "resolved": "https://registry.npmjs.org/sprintf-js/-/sprintf-js-1.0.3.tgz",
      "integrity": "sha1-BOaSb2YolTVPPdAVIDYzuFcpfiw="
    },
    "typescript": {
      "version": "3.9.6",
      "resolved": "https://registry.npmjs.org/typescript/-/typescript-3.9.6.tgz",
      "integrity": "sha512-Pspx3oKAPJtjNwE92YS05HQoY7z2SFyOpHo9MqJor3BXAGNaPUs83CuVp9VISFkSjyRfiTpmKuAYGJB7S7hOxw==",
      "dev": true
    },
    "universalify": {
      "version": "1.0.0",
      "resolved": "https://registry.npmjs.org/universalify/-/universalify-1.0.0.tgz",
      "integrity": "sha512-rb6X1W158d7pRQBg5gkR8uPaSfiids68LTJQYOtEUhoJUWBdaQHsuT/EUduxXYxcrt4r5PJ4fuHW1MHT6p0qug=="
    },
    "url": {
      "version": "0.10.3",
      "resolved": "https://registry.npmjs.org/url/-/url-0.10.3.tgz",
      "integrity": "sha1-Ah5NnHcF8hu/N9A861h2dAJ3TGQ=",
      "requires": {
        "punycode": "1.3.2",
        "querystring": "0.2.0"
      }
    },
    "uuid": {
      "version": "8.2.0",
      "resolved": "https://registry.npmjs.org/uuid/-/uuid-8.2.0.tgz",
      "integrity": "sha512-CYpGiFTUrmI6OBMkAdjSDM0k5h8SkkiTP4WAjQgDgNB1S3Ou9VBEvr6q0Kv2H1mMk7IWfxYGpMH5sd5AvcIV2Q=="
    },
    "watchpack": {
      "version": "2.0.0-beta.13",
      "resolved": "https://registry.npmjs.org/watchpack/-/watchpack-2.0.0-beta.13.tgz",
      "integrity": "sha512-ZEFq2mx/k5qgQwgi6NOm+2ImICb8ngAkA/rZ6oyXZ7SgPn3pncf+nfhYTCrs3lmHwOxnPtGLTOuFLfpSMh1VMA==",
      "requires": {
        "glob-to-regexp": "^0.4.1",
        "graceful-fs": "^4.1.2"
      }
    },
    "xml2js": {
      "version": "0.4.19",
      "resolved": "https://registry.npmjs.org/xml2js/-/xml2js-0.4.19.tgz",
      "integrity": "sha512-esZnJZJOiJR9wWKMyuvSE1y6Dq5LCuJanqhxslH2bxM6duahNZ+HMpCLhBQGZkbX6xRf8x1Y2eJlgt2q3qo49Q==",
      "requires": {
        "sax": ">=0.6.0",
        "xmlbuilder": "~9.0.1"
      }
    },
    "xmlbuilder": {
      "version": "9.0.7",
      "resolved": "https://registry.npmjs.org/xmlbuilder/-/xmlbuilder-9.0.7.tgz",
      "integrity": "sha1-Ey7mPS7FVlxVfiD0wi35rKaGsQ0="
    }
  }
}
