{
  "name": "src",
  "version": "1.0.0",
  "lockfileVersion": 1,
  "requires": true,
  "dependencies": {
    "@aws-cdk/assets": {
      "version": "1.38.0",
      "resolved": "https://registry.npmjs.org/@aws-cdk/assets/-/assets-1.38.0.tgz",
      "integrity": "sha512-0eRpBvTAoYGy9SzFf13vi+/SaIjHyx+qMOjNKf+xBKYR3p+PEMWT9v8Af0dJVDRXg7Ifx4lj+thtnjgTmiep8Q==",
      "requires": {
        "@aws-cdk/core": "1.38.0",
        "@aws-cdk/cx-api": "1.38.0",
        "constructs": "^3.0.2"
      }
    },
    "@aws-cdk/aws-autoscaling": {
      "version": "1.38.0",
      "resolved": "https://registry.npmjs.org/@aws-cdk/aws-autoscaling/-/aws-autoscaling-1.38.0.tgz",
      "integrity": "sha512-nPWWRwO6tasHiHVGKfYMDQtybgdzkW/9M8axmHrfP06bjUDaR90s6qky7wtn23Pjx3n7Qp7lZgXQfwn1maTMHA==",
      "requires": {
        "@aws-cdk/aws-autoscaling-common": "1.38.0",
        "@aws-cdk/aws-cloudwatch": "1.38.0",
        "@aws-cdk/aws-ec2": "1.38.0",
        "@aws-cdk/aws-elasticloadbalancing": "1.38.0",
        "@aws-cdk/aws-elasticloadbalancingv2": "1.38.0",
        "@aws-cdk/aws-iam": "1.38.0",
        "@aws-cdk/aws-sns": "1.38.0",
        "@aws-cdk/core": "1.38.0",
        "constructs": "^3.0.2"
      }
    },
    "@aws-cdk/aws-autoscaling-common": {
      "version": "1.38.0",
      "resolved": "https://registry.npmjs.org/@aws-cdk/aws-autoscaling-common/-/aws-autoscaling-common-1.38.0.tgz",
      "integrity": "sha512-VmC/vpKuKJcigDSYlcbNVxkpMAZtuZ7wMlJAQvqnx6O/f3NM/Xnke+/BepJeUvrSKFcFPudNS/+HPvT8iJk7JQ==",
      "requires": {
        "@aws-cdk/aws-iam": "1.38.0",
        "@aws-cdk/core": "1.38.0",
        "constructs": "^3.0.2"
      }
    },
    "@aws-cdk/aws-certificatemanager": {
      "version": "1.38.0",
      "resolved": "https://registry.npmjs.org/@aws-cdk/aws-certificatemanager/-/aws-certificatemanager-1.38.0.tgz",
      "integrity": "sha512-IADf1TIg51r+aYzOD2EJ62VLt/nX5+fiV1m7Fmy4e8HjMfwyD1oCDPd560bFG9hOZIraVCiBNyMuMGjTk486Bg==",
      "requires": {
        "@aws-cdk/aws-iam": "1.38.0",
        "@aws-cdk/aws-lambda": "1.38.0",
        "@aws-cdk/aws-route53": "1.38.0",
        "@aws-cdk/core": "1.38.0",
        "constructs": "^3.0.2"
      }
    },
    "@aws-cdk/aws-cloudwatch": {
      "version": "1.38.0",
      "resolved": "https://registry.npmjs.org/@aws-cdk/aws-cloudwatch/-/aws-cloudwatch-1.38.0.tgz",
      "integrity": "sha512-uRE+NtPdu52Sx/GXOuhH0SinREZQyGOhugZbJNyeaE42EH8Ckzd7p2kNHP52rg6iq8mHJ7QJtVHjG4Wi2681JA==",
      "requires": {
        "@aws-cdk/aws-iam": "1.38.0",
        "@aws-cdk/core": "1.38.0",
        "constructs": "^3.0.2"
      }
    },
    "@aws-cdk/aws-ec2": {
      "version": "1.38.0",
      "resolved": "https://registry.npmjs.org/@aws-cdk/aws-ec2/-/aws-ec2-1.38.0.tgz",
      "integrity": "sha512-GWtSRbkbkI6uBMYLnJam3/IsVrOzmz4K+6SFLM+z0DxY9zF+TBe0TNCbY1SOkvLZ/b4ZLMpDbCnnFXFuPW4qyA==",
      "requires": {
        "@aws-cdk/aws-cloudwatch": "1.38.0",
        "@aws-cdk/aws-iam": "1.38.0",
        "@aws-cdk/aws-logs": "1.38.0",
        "@aws-cdk/aws-s3": "1.38.0",
        "@aws-cdk/aws-ssm": "1.38.0",
        "@aws-cdk/cloud-assembly-schema": "1.38.0",
        "@aws-cdk/core": "1.38.0",
        "@aws-cdk/cx-api": "1.38.0",
        "@aws-cdk/region-info": "1.38.0",
        "constructs": "^3.0.2"
      }
    },
    "@aws-cdk/aws-elasticloadbalancing": {
      "version": "1.38.0",
      "resolved": "https://registry.npmjs.org/@aws-cdk/aws-elasticloadbalancing/-/aws-elasticloadbalancing-1.38.0.tgz",
      "integrity": "sha512-VPOk/DX/gc479O4NdLdcNYkCCAMxdMGttKZfub9om8jCiRAOnsAOJeysXFFoWgj+JkijGD3OePCAqYU2vyNGaw==",
      "requires": {
        "@aws-cdk/aws-ec2": "1.38.0",
        "@aws-cdk/core": "1.38.0",
        "constructs": "^3.0.2"
      }
    },
    "@aws-cdk/aws-elasticloadbalancingv2": {
      "version": "1.38.0",
      "resolved": "https://registry.npmjs.org/@aws-cdk/aws-elasticloadbalancingv2/-/aws-elasticloadbalancingv2-1.38.0.tgz",
      "integrity": "sha512-HR1Z1su1iUzGdRloUz1rijXBuQi8IUWYGjTyfTXbIg6Z95FPpLQOfCRyWW9YuJDa7B3zUGs8QwpIlJtAbshNpw==",
      "requires": {
        "@aws-cdk/aws-certificatemanager": "1.38.0",
        "@aws-cdk/aws-cloudwatch": "1.38.0",
        "@aws-cdk/aws-ec2": "1.38.0",
        "@aws-cdk/aws-iam": "1.38.0",
        "@aws-cdk/aws-lambda": "1.38.0",
        "@aws-cdk/aws-s3": "1.38.0",
        "@aws-cdk/core": "1.38.0",
        "constructs": "^3.0.2"
      }
    },
    "@aws-cdk/aws-events": {
      "version": "1.38.0",
      "resolved": "https://registry.npmjs.org/@aws-cdk/aws-events/-/aws-events-1.38.0.tgz",
      "integrity": "sha512-uALILuz1aW+BLuNm48iYNunsTjIPkoDmtH+fMutOA2vqhIiAjU+RoEx5NIqyDboj3MgDk29tFl/Jb1RI7LGexA==",
      "requires": {
        "@aws-cdk/aws-iam": "1.38.0",
        "@aws-cdk/core": "1.38.0",
        "constructs": "^3.0.2"
      }
    },
    "@aws-cdk/aws-iam": {
      "version": "1.38.0",
      "resolved": "https://registry.npmjs.org/@aws-cdk/aws-iam/-/aws-iam-1.38.0.tgz",
      "integrity": "sha512-VTmjKdw0J3dlpli4IFgdxIS7ydJIaoCZVmpyRPyecujVcU14hD+OJ+fwnCaZ42+2G0DGABNq5BGxS6OyYaBVcw==",
      "requires": {
        "@aws-cdk/core": "1.38.0",
        "@aws-cdk/region-info": "1.38.0",
        "constructs": "^3.0.2"
      }
    },
    "@aws-cdk/aws-kms": {
      "version": "1.38.0",
      "resolved": "https://registry.npmjs.org/@aws-cdk/aws-kms/-/aws-kms-1.38.0.tgz",
      "integrity": "sha512-o75Adr6kNcLrdn063Fv+z/kpWyB7901hPR5OSZXpXgct63bQi/BJM1vX3HP9SetTDarvqIJFfEB2oKyJeuzKGg==",
      "requires": {
        "@aws-cdk/aws-iam": "1.38.0",
        "@aws-cdk/core": "1.38.0",
        "constructs": "^3.0.2"
      }
    },
    "@aws-cdk/aws-lambda": {
      "version": "1.38.0",
      "resolved": "https://registry.npmjs.org/@aws-cdk/aws-lambda/-/aws-lambda-1.38.0.tgz",
      "integrity": "sha512-pGu6TG++F76FZQm2O7fPS18nM/ETdmXaO+U6DgYEz5LkD7GRZn07rCLg0HcfV8e3Lgp9M2ydxtVYpFIDLAjHtQ==",
      "requires": {
        "@aws-cdk/aws-cloudwatch": "1.38.0",
        "@aws-cdk/aws-ec2": "1.38.0",
        "@aws-cdk/aws-events": "1.38.0",
        "@aws-cdk/aws-iam": "1.38.0",
        "@aws-cdk/aws-logs": "1.38.0",
        "@aws-cdk/aws-s3": "1.38.0",
        "@aws-cdk/aws-s3-assets": "1.38.0",
        "@aws-cdk/aws-sqs": "1.38.0",
        "@aws-cdk/core": "1.38.0",
        "@aws-cdk/cx-api": "1.38.0",
        "constructs": "^3.0.2"
      }
    },
    "@aws-cdk/aws-logs": {
      "version": "1.38.0",
      "resolved": "https://registry.npmjs.org/@aws-cdk/aws-logs/-/aws-logs-1.38.0.tgz",
      "integrity": "sha512-4wZCQVCFw76U/xcO9m4GC8j/gUvp7NXdOJ1aNVAKQb4ufJlrc7HPiUxWU2IvGdZluH7H3rW6+QloEEAoEOnQ5Q==",
      "requires": {
        "@aws-cdk/aws-cloudwatch": "1.38.0",
        "@aws-cdk/aws-iam": "1.38.0",
        "@aws-cdk/core": "1.38.0",
        "constructs": "^3.0.2"
      }
    },
    "@aws-cdk/aws-route53": {
      "version": "1.38.0",
      "resolved": "https://registry.npmjs.org/@aws-cdk/aws-route53/-/aws-route53-1.38.0.tgz",
      "integrity": "sha512-qCL6pwrvFKErr1jv/ulTsFoxBJcJuMuFwnqmHyqJQDlZ6bU+0c4mcAp/WwU3ydZYpmjsdXMl4pOqrsKKS6huYw==",
      "requires": {
        "@aws-cdk/aws-ec2": "1.38.0",
        "@aws-cdk/aws-logs": "1.38.0",
        "@aws-cdk/cloud-assembly-schema": "1.38.0",
        "@aws-cdk/core": "1.38.0",
        "constructs": "^3.0.2"
      }
    },
    "@aws-cdk/aws-s3": {
      "version": "1.38.0",
      "resolved": "https://registry.npmjs.org/@aws-cdk/aws-s3/-/aws-s3-1.38.0.tgz",
      "integrity": "sha512-qq0naSn2TEhdjtLC7mRqwDr/ciCvd/iP3jWUzVPiGOHo5+nZGfERa+IYiCzB/wLgkAW7jZi/gD6AUZfiQgY9Vg==",
      "requires": {
        "@aws-cdk/aws-events": "1.38.0",
        "@aws-cdk/aws-iam": "1.38.0",
        "@aws-cdk/aws-kms": "1.38.0",
        "@aws-cdk/core": "1.38.0",
        "constructs": "^3.0.2"
      }
    },
    "@aws-cdk/aws-s3-assets": {
      "version": "1.38.0",
      "resolved": "https://registry.npmjs.org/@aws-cdk/aws-s3-assets/-/aws-s3-assets-1.38.0.tgz",
      "integrity": "sha512-pCFIpV186zmlbF+aI5dVYf7Y8IPv+Qy/pcs2A7ibbHlilWb+aSDCL+ohD4M4EMWHYQuvez3RYGHq68xKDaKKOA==",
      "requires": {
        "@aws-cdk/assets": "1.38.0",
        "@aws-cdk/aws-iam": "1.38.0",
        "@aws-cdk/aws-s3": "1.38.0",
        "@aws-cdk/core": "1.38.0",
        "@aws-cdk/cx-api": "1.38.0",
        "constructs": "^3.0.2"
      }
    },
    "@aws-cdk/aws-sns": {
      "version": "1.38.0",
      "resolved": "https://registry.npmjs.org/@aws-cdk/aws-sns/-/aws-sns-1.38.0.tgz",
      "integrity": "sha512-aRageJqETVFORXrnwrGZVccU+I546pklrj8bhTa3USgjalww2xBsXxp98V3JY1ux4aO0yEaQHjIhys5BWgGEAw==",
      "requires": {
        "@aws-cdk/aws-cloudwatch": "1.38.0",
        "@aws-cdk/aws-events": "1.38.0",
        "@aws-cdk/aws-iam": "1.38.0",
        "@aws-cdk/aws-kms": "1.38.0",
        "@aws-cdk/core": "1.38.0",
        "constructs": "^3.0.2"
      }
    },
    "@aws-cdk/aws-sqs": {
      "version": "1.38.0",
      "resolved": "https://registry.npmjs.org/@aws-cdk/aws-sqs/-/aws-sqs-1.38.0.tgz",
      "integrity": "sha512-05cXwfwYA7pBOIbHZbfLsA29C5YJvVW+flc+7eyg9PL0hiYyfU37Hoa81IqKZ4piz9zJgdM8fbGtPZEGSfi8Yg==",
      "requires": {
        "@aws-cdk/aws-cloudwatch": "1.38.0",
        "@aws-cdk/aws-iam": "1.38.0",
        "@aws-cdk/aws-kms": "1.38.0",
        "@aws-cdk/core": "1.38.0",
        "constructs": "^3.0.2"
      }
    },
    "@aws-cdk/aws-ssm": {
      "version": "1.38.0",
      "resolved": "https://registry.npmjs.org/@aws-cdk/aws-ssm/-/aws-ssm-1.38.0.tgz",
      "integrity": "sha512-b5Gb3pWNzFmhq7gcf+QQPGBZ5L8HYTnz8HBgbOTT6Z7WwBUK4SxHJb6NNyPJ13bPuB1uG3ipFSa5D3Tg7rbmnw==",
      "requires": {
        "@aws-cdk/aws-iam": "1.38.0",
        "@aws-cdk/aws-kms": "1.38.0",
        "@aws-cdk/cloud-assembly-schema": "1.38.0",
        "@aws-cdk/core": "1.38.0",
        "constructs": "^3.0.2"
      }
    },
    "@aws-cdk/cloud-assembly-schema": {
      "version": "1.38.0",
      "resolved": "https://registry.npmjs.org/@aws-cdk/cloud-assembly-schema/-/cloud-assembly-schema-1.38.0.tgz",
      "integrity": "sha512-Xs2WAHqGzdPpnULhcJbNWvPNqlzAf92OSK8A4yLosJOhy5kzXPxpttUaYatxUwN6na1olCeV0ZNWwEaAACrgrg==",
      "requires": {
        "jsonschema": "^1.2.5",
        "semver": "^7.2.2"
      },
      "dependencies": {
        "jsonschema": {
          "version": "1.2.6",
          "bundled": true
        },
        "semver": {
          "version": "7.3.2",
          "bundled": true
        }
      }
    },
    "@aws-cdk/core": {
      "version": "1.38.0",
      "resolved": "https://registry.npmjs.org/@aws-cdk/core/-/core-1.38.0.tgz",
      "integrity": "sha512-rLMrLUo8xudfJN8WASY1i8kgTwcjdmN5F9+9Tm2oCGHLMQEBSLYRQFlmYHma28f4FPGsd7YtcvNQjeNBRkywOw==",
      "requires": {
        "@aws-cdk/cloud-assembly-schema": "1.38.0",
        "@aws-cdk/cx-api": "1.38.0",
        "constructs": "^3.0.2",
        "minimatch": "^3.0.4"
      },
      "dependencies": {
        "balanced-match": {
          "version": "1.0.0",
          "bundled": true
        },
        "brace-expansion": {
          "version": "1.1.11",
          "bundled": true,
          "requires": {
            "balanced-match": "^1.0.0",
            "concat-map": "0.0.1"
          }
        },
        "concat-map": {
          "version": "0.0.1",
          "bundled": true
        },
        "minimatch": {
          "version": "3.0.4",
          "bundled": true,
          "requires": {
            "brace-expansion": "^1.1.7"
          }
        }
      }
    },
    "@aws-cdk/cx-api": {
      "version": "1.38.0",
      "resolved": "https://registry.npmjs.org/@aws-cdk/cx-api/-/cx-api-1.38.0.tgz",
      "integrity": "sha512-zetrdm3NCoRsRafRTKxIJut84oIQT72D9j3CYUDRH4w0xg77piChI0BlW6O85JvkRkba/pUoOBWHFLYqRC7agw==",
      "requires": {
        "@aws-cdk/cloud-assembly-schema": "1.38.0",
        "semver": "^7.2.2"
      },
      "dependencies": {
        "semver": {
          "version": "7.3.2",
          "bundled": true
        }
      }
    },
    "@aws-cdk/region-info": {
      "version": "1.38.0",
      "resolved": "https://registry.npmjs.org/@aws-cdk/region-info/-/region-info-1.38.0.tgz",
      "integrity": "sha512-xBCMIGH4KsWY3ohKHOLli9dnCw/DLKvtaU+FvqKiVCsc7ZIR/o/9G9JqfZ+1pG1BGSRGE7urINQB0YZwtaM0xg=="
    },
    "@types/node": {
      "version": "10.17.21",
      "resolved": "https://registry.npmjs.org/@types/node/-/node-10.17.21.tgz",
      "integrity": "sha512-PQKsydPxYxF1DsAFWmunaxd3sOi3iMt6Zmx/tgaagHYmwJ/9cRH91hQkeJZaUGWbvn0K5HlSVEXkn5U/llWPpQ==",
      "dev": true
    },
    "constructs": {
      "version": "3.0.3",
      "resolved": "https://registry.npmjs.org/constructs/-/constructs-3.0.3.tgz",
      "integrity": "sha512-JrYLpTlz92Un1jxkwoGiOiGoDjzIWtxo64sLC5FD4mQN1H9mAqZNvgxWYWaJIiWUXNkl5L5sO3GFf6peTj7UMQ=="
    },
    "typescript": {
      "version": "3.7.5",
      "resolved": "https://registry.npmjs.org/typescript/-/typescript-3.7.5.tgz",
      "integrity": "sha512-/P5lkRXkWHNAbcJIiHPfRoKqyd7bsyCma1hZNUGfn20qm64T6ZBlrzprymeu918H+mB/0rIg2gGK/BXkhhYgBw==",
      "dev": true
    },
    "uuid": {
      "version": "8.0.0",
      "resolved": "https://registry.npmjs.org/uuid/-/uuid-8.0.0.tgz",
      "integrity": "sha512-jOXGuXZAWdsTH7eZLtyXMqUb9EcWMGZNbL9YcGBJl4MH4nrxHmZJhEHvyLFrkxo+28uLb/NYRcStH48fnD0Vzw=="
    }
  }
}
